// !$*UTF8*$!
{
	archiveVersion = 1;
	classes = {
	};
	objectVersion = 48;
	objects = {

/* Begin PBXBuildFile section */
		20D63935E8CB4862B8459C86 /* Pods_iWallet.framework in Frameworks */ = {isa = PBXBuildFile; fileRef = DEB2ECF79F9C0C4E2B19C8B3 /* Pods_iWallet.framework */; };
		9A9D2D3D206548F300CC7DE0 /* UIViewControllerExt.swift in Sources */ = {isa = PBXBuildFile; fileRef = 9A9D2D3A206548F300CC7DE0 /* UIViewControllerExt.swift */; };
		9A9D2D3E206548F300CC7DE0 /* UIViewExt.swift in Sources */ = {isa = PBXBuildFile; fileRef = 9A9D2D3B206548F300CC7DE0 /* UIViewExt.swift */; };
		9A9D2D3F206548F300CC7DE0 /* UIButtonExt.swift in Sources */ = {isa = PBXBuildFile; fileRef = 9A9D2D3C206548F300CC7DE0 /* UIButtonExt.swift */; };
		9A9D2D412065558700CC7DE0 /* ReportVC.swift in Sources */ = {isa = PBXBuildFile; fileRef = 9A9D2D402065558700CC7DE0 /* ReportVC.swift */; };
		9A9D2D4320665BFC00CC7DE0 /* CategoryVC.swift in Sources */ = {isa = PBXBuildFile; fileRef = 9A9D2D4220665BFC00CC7DE0 /* CategoryVC.swift */; };
		9A9D2D482066636800CC7DE0 /* Constants.swift in Sources */ = {isa = PBXBuildFile; fileRef = 9A9D2D472066636800CC7DE0 /* Constants.swift */; };
		9A9D2D4B206663D400CC7DE0 /* CoreDataService.swift in Sources */ = {isa = PBXBuildFile; fileRef = 9A9D2D4A206663D400CC7DE0 /* CoreDataService.swift */; };
		9A9D2D4D2066674800CC7DE0 /* AddCategoryVC.swift in Sources */ = {isa = PBXBuildFile; fileRef = 9A9D2D4C2066674800CC7DE0 /* AddCategoryVC.swift */; };
		9A9D2D4F2066A47700CC7DE0 /* EncodeDecodeService.swift in Sources */ = {isa = PBXBuildFile; fileRef = 9A9D2D4E2066A47600CC7DE0 /* EncodeDecodeService.swift */; };
		9A9D2D512066C34E00CC7DE0 /* ColorCell.swift in Sources */ = {isa = PBXBuildFile; fileRef = 9A9D2D502066C34E00CC7DE0 /* ColorCell.swift */; };
		9A9D2D592068FA1300CC7DE0 /* SelectParentCategoryVC.swift in Sources */ = {isa = PBXBuildFile; fileRef = 9A9D2D572068FA1300CC7DE0 /* SelectParentCategoryVC.swift */; };
		9A9D2D5A2068FA1300CC7DE0 /* SelectParentCategoryVC.xib in Resources */ = {isa = PBXBuildFile; fileRef = 9A9D2D582068FA1300CC7DE0 /* SelectParentCategoryVC.xib */; };
		9A9D2D5D2068FDA800CC7DE0 /* CategoryCell.swift in Sources */ = {isa = PBXBuildFile; fileRef = 9A9D2D5B2068FDA800CC7DE0 /* CategoryCell.swift */; };
		9A9D2D5E2068FDA800CC7DE0 /* CategoryCell.xib in Resources */ = {isa = PBXBuildFile; fileRef = 9A9D2D5C2068FDA800CC7DE0 /* CategoryCell.xib */; };
		9A9D2D612069111E00CC7DE0 /* CategoryProtocol.swift in Sources */ = {isa = PBXBuildFile; fileRef = 9A9D2D602069111E00CC7DE0 /* CategoryProtocol.swift */; };
		9A9D2D65206A238500CC7DE0 /* CategoryHelper.swift in Sources */ = {isa = PBXBuildFile; fileRef = 9A9D2D64206A238400CC7DE0 /* CategoryHelper.swift */; };
		9ABA9AF22063DB4500ADA34E /* AppDelegate.swift in Sources */ = {isa = PBXBuildFile; fileRef = 9ABA9AF12063DB4500ADA34E /* AppDelegate.swift */; };
		9ABA9AF72063DB4500ADA34E /* Main.storyboard in Resources */ = {isa = PBXBuildFile; fileRef = 9ABA9AF52063DB4500ADA34E /* Main.storyboard */; };
		9ABA9AFA2063DB4500ADA34E /* iWallet.xcdatamodeld in Sources */ = {isa = PBXBuildFile; fileRef = 9ABA9AF82063DB4500ADA34E /* iWallet.xcdatamodeld */; };
		9ABA9AFC2063DB4500ADA34E /* Assets.xcassets in Resources */ = {isa = PBXBuildFile; fileRef = 9ABA9AFB2063DB4500ADA34E /* Assets.xcassets */; };
		9ABA9AFF2063DB4500ADA34E /* LaunchScreen.storyboard in Resources */ = {isa = PBXBuildFile; fileRef = 9ABA9AFD2063DB4500ADA34E /* LaunchScreen.storyboard */; };
		9ABA9B0A2063DCB500ADA34E /* SWRevealViewController.m in Sources */ = {isa = PBXBuildFile; fileRef = 9ABA9B082063DCB500ADA34E /* SWRevealViewController.m */; };
		9ABA9B0D2063E01000ADA34E /* SlideVC.swift in Sources */ = {isa = PBXBuildFile; fileRef = 9ABA9B0C2063E01000ADA34E /* SlideVC.swift */; };
		9ABA9B0F2063E02500ADA34E /* MainVC.swift in Sources */ = {isa = PBXBuildFile; fileRef = 9ABA9B0E2063E02500ADA34E /* MainVC.swift */; };
		9ABA9B122063E18800ADA34E /* GradientView.swift in Sources */ = {isa = PBXBuildFile; fileRef = 9ABA9B112063E18800ADA34E /* GradientView.swift */; };
/* End PBXBuildFile section */

/* Begin PBXFileReference section */
		1F0844252092F4D146C20B7B /* Pods-iWallet.release.xcconfig */ = {isa = PBXFileReference; includeInIndex = 1; lastKnownFileType = text.xcconfig; name = "Pods-iWallet.release.xcconfig"; path = "Pods/Target Support Files/Pods-iWallet/Pods-iWallet.release.xcconfig"; sourceTree = "<group>"; };
		353AAFB1B83E3A0724330F15 /* Pods-iWallet.debug.xcconfig */ = {isa = PBXFileReference; includeInIndex = 1; lastKnownFileType = text.xcconfig; name = "Pods-iWallet.debug.xcconfig"; path = "Pods/Target Support Files/Pods-iWallet/Pods-iWallet.debug.xcconfig"; sourceTree = "<group>"; };
		9A9D2D3A206548F300CC7DE0 /* UIViewControllerExt.swift */ = {isa = PBXFileReference; fileEncoding = 4; lastKnownFileType = sourcecode.swift; path = UIViewControllerExt.swift; sourceTree = "<group>"; };
		9A9D2D3B206548F300CC7DE0 /* UIViewExt.swift */ = {isa = PBXFileReference; fileEncoding = 4; lastKnownFileType = sourcecode.swift; path = UIViewExt.swift; sourceTree = "<group>"; };
		9A9D2D3C206548F300CC7DE0 /* UIButtonExt.swift */ = {isa = PBXFileReference; fileEncoding = 4; lastKnownFileType = sourcecode.swift; path = UIButtonExt.swift; sourceTree = "<group>"; };
		9A9D2D402065558700CC7DE0 /* ReportVC.swift */ = {isa = PBXFileReference; lastKnownFileType = sourcecode.swift; path = ReportVC.swift; sourceTree = "<group>"; };
		9A9D2D4220665BFC00CC7DE0 /* CategoryVC.swift */ = {isa = PBXFileReference; lastKnownFileType = sourcecode.swift; path = CategoryVC.swift; sourceTree = "<group>"; };
		9A9D2D472066636800CC7DE0 /* Constants.swift */ = {isa = PBXFileReference; lastKnownFileType = sourcecode.swift; path = Constants.swift; sourceTree = "<group>"; };
		9A9D2D4A206663D400CC7DE0 /* CoreDataService.swift */ = {isa = PBXFileReference; lastKnownFileType = sourcecode.swift; path = CoreDataService.swift; sourceTree = "<group>"; };
		9A9D2D4C2066674800CC7DE0 /* AddCategoryVC.swift */ = {isa = PBXFileReference; lastKnownFileType = sourcecode.swift; path = AddCategoryVC.swift; sourceTree = "<group>"; };
		9A9D2D4E2066A47600CC7DE0 /* EncodeDecodeService.swift */ = {isa = PBXFileReference; lastKnownFileType = sourcecode.swift; path = EncodeDecodeService.swift; sourceTree = "<group>"; };
		9A9D2D502066C34E00CC7DE0 /* ColorCell.swift */ = {isa = PBXFileReference; lastKnownFileType = sourcecode.swift; path = ColorCell.swift; sourceTree = "<group>"; };
		9A9D2D572068FA1300CC7DE0 /* SelectParentCategoryVC.swift */ = {isa = PBXFileReference; lastKnownFileType = sourcecode.swift; path = SelectParentCategoryVC.swift; sourceTree = "<group>"; };
		9A9D2D582068FA1300CC7DE0 /* SelectParentCategoryVC.xib */ = {isa = PBXFileReference; lastKnownFileType = file.xib; path = SelectParentCategoryVC.xib; sourceTree = "<group>"; };
		9A9D2D5B2068FDA800CC7DE0 /* CategoryCell.swift */ = {isa = PBXFileReference; lastKnownFileType = sourcecode.swift; path = CategoryCell.swift; sourceTree = "<group>"; };
		9A9D2D5C2068FDA800CC7DE0 /* CategoryCell.xib */ = {isa = PBXFileReference; lastKnownFileType = file.xib; path = CategoryCell.xib; sourceTree = "<group>"; };
		9A9D2D602069111E00CC7DE0 /* CategoryProtocol.swift */ = {isa = PBXFileReference; lastKnownFileType = sourcecode.swift; path = CategoryProtocol.swift; sourceTree = "<group>"; };
		9A9D2D64206A238400CC7DE0 /* CategoryHelper.swift */ = {isa = PBXFileReference; lastKnownFileType = sourcecode.swift; path = CategoryHelper.swift; sourceTree = "<group>"; };
		9ABA9AEE2063DB4500ADA34E /* iWallet.app */ = {isa = PBXFileReference; explicitFileType = wrapper.application; includeInIndex = 0; path = iWallet.app; sourceTree = BUILT_PRODUCTS_DIR; };
		9ABA9AF12063DB4500ADA34E /* AppDelegate.swift */ = {isa = PBXFileReference; lastKnownFileType = sourcecode.swift; path = AppDelegate.swift; sourceTree = "<group>"; };
		9ABA9AF62063DB4500ADA34E /* Base */ = {isa = PBXFileReference; lastKnownFileType = file.storyboard; name = Base; path = Base.lproj/Main.storyboard; sourceTree = "<group>"; };
		9ABA9AF92063DB4500ADA34E /* iWallet.xcdatamodel */ = {isa = PBXFileReference; lastKnownFileType = wrapper.xcdatamodel; path = iWallet.xcdatamodel; sourceTree = "<group>"; };
		9ABA9AFB2063DB4500ADA34E /* Assets.xcassets */ = {isa = PBXFileReference; lastKnownFileType = folder.assetcatalog; path = Assets.xcassets; sourceTree = "<group>"; };
		9ABA9AFE2063DB4500ADA34E /* Base */ = {isa = PBXFileReference; lastKnownFileType = file.storyboard; name = Base; path = Base.lproj/LaunchScreen.storyboard; sourceTree = "<group>"; };
		9ABA9B002063DB4500ADA34E /* Info.plist */ = {isa = PBXFileReference; lastKnownFileType = text.plist.xml; path = Info.plist; sourceTree = "<group>"; };
		9ABA9B072063DCB500ADA34E /* iWallet-Bridging-Header.h */ = {isa = PBXFileReference; lastKnownFileType = sourcecode.c.h; path = "iWallet-Bridging-Header.h"; sourceTree = "<group>"; };
		9ABA9B082063DCB500ADA34E /* SWRevealViewController.m */ = {isa = PBXFileReference; fileEncoding = 4; lastKnownFileType = sourcecode.c.objc; path = SWRevealViewController.m; sourceTree = "<group>"; };
		9ABA9B092063DCB500ADA34E /* SWRevealViewController.h */ = {isa = PBXFileReference; fileEncoding = 4; lastKnownFileType = sourcecode.c.h; path = SWRevealViewController.h; sourceTree = "<group>"; };
		9ABA9B0C2063E01000ADA34E /* SlideVC.swift */ = {isa = PBXFileReference; lastKnownFileType = sourcecode.swift; path = SlideVC.swift; sourceTree = "<group>"; };
		9ABA9B0E2063E02500ADA34E /* MainVC.swift */ = {isa = PBXFileReference; lastKnownFileType = sourcecode.swift; path = MainVC.swift; sourceTree = "<group>"; };
		9ABA9B112063E18800ADA34E /* GradientView.swift */ = {isa = PBXFileReference; fileEncoding = 4; lastKnownFileType = sourcecode.swift; path = GradientView.swift; sourceTree = "<group>"; };
		DEB2ECF79F9C0C4E2B19C8B3 /* Pods_iWallet.framework */ = {isa = PBXFileReference; explicitFileType = wrapper.framework; includeInIndex = 0; path = Pods_iWallet.framework; sourceTree = BUILT_PRODUCTS_DIR; };
/* End PBXFileReference section */

/* Begin PBXFrameworksBuildPhase section */
		9ABA9AEB2063DB4500ADA34E /* Frameworks */ = {
			isa = PBXFrameworksBuildPhase;
			buildActionMask = 2147483647;
			files = (
				20D63935E8CB4862B8459C86 /* Pods_iWallet.framework in Frameworks */,
			);
			runOnlyForDeploymentPostprocessing = 0;
		};
/* End PBXFrameworksBuildPhase section */

/* Begin PBXGroup section */
		747C799939B274BBEBB627D0 /* Frameworks */ = {
			isa = PBXGroup;
			children = (
				DEB2ECF79F9C0C4E2B19C8B3 /* Pods_iWallet.framework */,
			);
			name = Frameworks;
			sourceTree = "<group>";
		};
		9A9D2D39206548D800CC7DE0 /* Extension */ = {
			isa = PBXGroup;
			children = (
				9A9D2D3C206548F300CC7DE0 /* UIButtonExt.swift */,
				9A9D2D3A206548F300CC7DE0 /* UIViewControllerExt.swift */,
				9A9D2D3B206548F300CC7DE0 /* UIViewExt.swift */,
			);
			path = Extension;
			sourceTree = "<group>";
		};
		9A9D2D462066635600CC7DE0 /* Helpers */ = {
			isa = PBXGroup;
			children = (
				9A9D2D472066636800CC7DE0 /* Constants.swift */,
				9A9D2D64206A238400CC7DE0 /* CategoryHelper.swift */,
			);
			path = Helpers;
			sourceTree = "<group>";
		};
		9A9D2D49206663B500CC7DE0 /* Srevices */ = {
			isa = PBXGroup;
			children = (
				9A9D2D4A206663D400CC7DE0 /* CoreDataService.swift */,
				9A9D2D4E2066A47600CC7DE0 /* EncodeDecodeService.swift */,
			);
			path = Srevices;
			sourceTree = "<group>";
		};
		9A9D2D562068DCC300CC7DE0 /* XIBs */ = {
			isa = PBXGroup;
			children = (
				9A9D2D582068FA1300CC7DE0 /* SelectParentCategoryVC.xib */,
				9A9D2D5C2068FDA800CC7DE0 /* CategoryCell.xib */,
			);
			path = XIBs;
			sourceTree = "<group>";
		};
		9A9D2D5F2069110700CC7DE0 /* Protocols */ = {
			isa = PBXGroup;
			children = (
				9A9D2D602069111E00CC7DE0 /* CategoryProtocol.swift */,
			);
			path = Protocols;
			sourceTree = "<group>";
		};
		9ABA9AE52063DB4500ADA34E = {
			isa = PBXGroup;
			children = (
				9ABA9AF02063DB4500ADA34E /* iWallet */,
				9ABA9AEF2063DB4500ADA34E /* Products */,
				CF44050666741276020DD3AD /* Pods */,
				747C799939B274BBEBB627D0 /* Frameworks */,
			);
			sourceTree = "<group>";
		};
		9ABA9AEF2063DB4500ADA34E /* Products */ = {
			isa = PBXGroup;
			children = (
				9ABA9AEE2063DB4500ADA34E /* iWallet.app */,
			);
			name = Products;
			sourceTree = "<group>";
		};
		9ABA9AF02063DB4500ADA34E /* iWallet */ = {
			isa = PBXGroup;
			children = (
				9A9D2D5F2069110700CC7DE0 /* Protocols */,
				9A9D2D562068DCC300CC7DE0 /* XIBs */,
				9A9D2D49206663B500CC7DE0 /* Srevices */,
				9A9D2D462066635600CC7DE0 /* Helpers */,
				9A9D2D39206548D800CC7DE0 /* Extension */,
				9ABA9B102063E17500ADA34E /* Views */,
				9ABA9B0B2063DF4B00ADA34E /* Controllers */,
				9ABA9B062063DC9400ADA34E /* Supporting Files */,
				9ABA9AF12063DB4500ADA34E /* AppDelegate.swift */,
				9ABA9AF52063DB4500ADA34E /* Main.storyboard */,
				9ABA9AFB2063DB4500ADA34E /* Assets.xcassets */,
				9ABA9AFD2063DB4500ADA34E /* LaunchScreen.storyboard */,
				9ABA9B002063DB4500ADA34E /* Info.plist */,
				9ABA9AF82063DB4500ADA34E /* iWallet.xcdatamodeld */,
			);
			path = iWallet;
			sourceTree = "<group>";
		};
		9ABA9B062063DC9400ADA34E /* Supporting Files */ = {
			isa = PBXGroup;
			children = (
				9ABA9B092063DCB500ADA34E /* SWRevealViewController.h */,
				9ABA9B082063DCB500ADA34E /* SWRevealViewController.m */,
				9ABA9B072063DCB500ADA34E /* iWallet-Bridging-Header.h */,
			);
			path = "Supporting Files";
			sourceTree = "<group>";
		};
		9ABA9B0B2063DF4B00ADA34E /* Controllers */ = {
			isa = PBXGroup;
			children = (
				9ABA9B0C2063E01000ADA34E /* SlideVC.swift */,
				9ABA9B0E2063E02500ADA34E /* MainVC.swift */,
				9A9D2D402065558700CC7DE0 /* ReportVC.swift */,
				9A9D2D4220665BFC00CC7DE0 /* CategoryVC.swift */,
				9A9D2D4C2066674800CC7DE0 /* AddCategoryVC.swift */,
				9A9D2D572068FA1300CC7DE0 /* SelectParentCategoryVC.swift */,
			);
			path = Controllers;
			sourceTree = "<group>";
		};
		9ABA9B102063E17500ADA34E /* Views */ = {
			isa = PBXGroup;
			children = (
				9ABA9B112063E18800ADA34E /* GradientView.swift */,
				9A9D2D502066C34E00CC7DE0 /* ColorCell.swift */,
				9A9D2D5B2068FDA800CC7DE0 /* CategoryCell.swift */,
			);
			path = Views;
			sourceTree = "<group>";
		};
		CF44050666741276020DD3AD /* Pods */ = {
			isa = PBXGroup;
			children = (
				353AAFB1B83E3A0724330F15 /* Pods-iWallet.debug.xcconfig */,
				1F0844252092F4D146C20B7B /* Pods-iWallet.release.xcconfig */,
			);
			name = Pods;
			sourceTree = "<group>";
		};
/* End PBXGroup section */

/* Begin PBXNativeTarget section */
		9ABA9AED2063DB4500ADA34E /* iWallet */ = {
			isa = PBXNativeTarget;
			buildConfigurationList = 9ABA9B032063DB4500ADA34E /* Build configuration list for PBXNativeTarget "iWallet" */;
			buildPhases = (
				A6378D059F244E22AC24E467 /* [CP] Check Pods Manifest.lock */,
				9ABA9AEA2063DB4500ADA34E /* Sources */,
				9ABA9AEB2063DB4500ADA34E /* Frameworks */,
				9ABA9AEC2063DB4500ADA34E /* Resources */,
				42F074F9D1E772804B796560 /* [CP] Embed Pods Frameworks */,
				36B70393AD3496212BB0F81E /* [CP] Copy Pods Resources */,
			);
			buildRules = (
			);
			dependencies = (
			);
			name = iWallet;
			productName = iWallet;
			productReference = 9ABA9AEE2063DB4500ADA34E /* iWallet.app */;
			productType = "com.apple.product-type.application";
		};
/* End PBXNativeTarget section */

/* Begin PBXProject section */
		9ABA9AE62063DB4500ADA34E /* Project object */ = {
			isa = PBXProject;
			attributes = {
				LastSwiftUpdateCheck = 0920;
				LastUpgradeCheck = 0920;
				ORGANIZATIONNAME = "Sergey Guznin";
				TargetAttributes = {
					9ABA9AED2063DB4500ADA34E = {
						CreatedOnToolsVersion = 9.2;
						LastSwiftMigration = 0920;
						ProvisioningStyle = Automatic;
					};
				};
			};
			buildConfigurationList = 9ABA9AE92063DB4500ADA34E /* Build configuration list for PBXProject "iWallet" */;
			compatibilityVersion = "Xcode 8.0";
			developmentRegion = en;
			hasScannedForEncodings = 0;
			knownRegions = (
				en,
				Base,
			);
			mainGroup = 9ABA9AE52063DB4500ADA34E;
			productRefGroup = 9ABA9AEF2063DB4500ADA34E /* Products */;
			projectDirPath = "";
			projectRoot = "";
			targets = (
				9ABA9AED2063DB4500ADA34E /* iWallet */,
			);
		};
/* End PBXProject section */

/* Begin PBXResourcesBuildPhase section */
		9ABA9AEC2063DB4500ADA34E /* Resources */ = {
			isa = PBXResourcesBuildPhase;
			buildActionMask = 2147483647;
			files = (
				9A9D2D5E2068FDA800CC7DE0 /* CategoryCell.xib in Resources */,
				9A9D2D5A2068FA1300CC7DE0 /* SelectParentCategoryVC.xib in Resources */,
				9ABA9AFF2063DB4500ADA34E /* LaunchScreen.storyboard in Resources */,
				9ABA9AFC2063DB4500ADA34E /* Assets.xcassets in Resources */,
				9ABA9AF72063DB4500ADA34E /* Main.storyboard in Resources */,
			);
			runOnlyForDeploymentPostprocessing = 0;
		};
/* End PBXResourcesBuildPhase section */

/* Begin PBXShellScriptBuildPhase section */
		36B70393AD3496212BB0F81E /* [CP] Copy Pods Resources */ = {
			isa = PBXShellScriptBuildPhase;
			buildActionMask = 2147483647;
			files = (
			);
			inputPaths = (
			);
			name = "[CP] Copy Pods Resources";
			outputPaths = (
			);
			runOnlyForDeploymentPostprocessing = 0;
			shellPath = /bin/sh;
			shellScript = "\"${SRCROOT}/Pods/Target Support Files/Pods-iWallet/Pods-iWallet-resources.sh\"\n";
			showEnvVarsInLog = 0;
		};
		42F074F9D1E772804B796560 /* [CP] Embed Pods Frameworks */ = {
			isa = PBXShellScriptBuildPhase;
			buildActionMask = 2147483647;
			files = (
			);
			inputPaths = (
				"${SRCROOT}/Pods/Target Support Files/Pods-iWallet/Pods-iWallet-frameworks.sh",
				"${BUILT_PRODUCTS_DIR}/Alamofire/Alamofire.framework",
				"${BUILT_PRODUCTS_DIR}/SwiftyJSON/SwiftyJSON.framework",
			);
			name = "[CP] Embed Pods Frameworks";
			outputPaths = (
				"${TARGET_BUILD_DIR}/${FRAMEWORKS_FOLDER_PATH}/Alamofire.framework",
				"${TARGET_BUILD_DIR}/${FRAMEWORKS_FOLDER_PATH}/SwiftyJSON.framework",
			);
			runOnlyForDeploymentPostprocessing = 0;
			shellPath = /bin/sh;
			shellScript = "\"${SRCROOT}/Pods/Target Support Files/Pods-iWallet/Pods-iWallet-frameworks.sh\"\n";
			showEnvVarsInLog = 0;
		};
		A6378D059F244E22AC24E467 /* [CP] Check Pods Manifest.lock */ = {
			isa = PBXShellScriptBuildPhase;
			buildActionMask = 2147483647;
			files = (
			);
			inputPaths = (
				"${PODS_PODFILE_DIR_PATH}/Podfile.lock",
				"${PODS_ROOT}/Manifest.lock",
			);
			name = "[CP] Check Pods Manifest.lock";
			outputPaths = (
				"$(DERIVED_FILE_DIR)/Pods-iWallet-checkManifestLockResult.txt",
			);
			runOnlyForDeploymentPostprocessing = 0;
			shellPath = /bin/sh;
			shellScript = "diff \"${PODS_PODFILE_DIR_PATH}/Podfile.lock\" \"${PODS_ROOT}/Manifest.lock\" > /dev/null\nif [ $? != 0 ] ; then\n    # print error to STDERR\n    echo \"error: The sandbox is not in sync with the Podfile.lock. Run 'pod install' or update your CocoaPods installation.\" >&2\n    exit 1\nfi\n# This output is used by Xcode 'outputs' to avoid re-running this script phase.\necho \"SUCCESS\" > \"${SCRIPT_OUTPUT_FILE_0}\"\n";
			showEnvVarsInLog = 0;
		};
/* End PBXShellScriptBuildPhase section */

/* Begin PBXSourcesBuildPhase section */
		9ABA9AEA2063DB4500ADA34E /* Sources */ = {
			isa = PBXSourcesBuildPhase;
			buildActionMask = 2147483647;
			files = (
				9A9D2D4B206663D400CC7DE0 /* CoreDataService.swift in Sources */,
				9A9D2D3E206548F300CC7DE0 /* UIViewExt.swift in Sources */,
				9A9D2D3F206548F300CC7DE0 /* UIButtonExt.swift in Sources */,
				9ABA9AFA2063DB4500ADA34E /* iWallet.xcdatamodeld in Sources */,
				9ABA9B0F2063E02500ADA34E /* MainVC.swift in Sources */,
				9A9D2D5D2068FDA800CC7DE0 /* CategoryCell.swift in Sources */,
				9A9D2D3D206548F300CC7DE0 /* UIViewControllerExt.swift in Sources */,
				9A9D2D4D2066674800CC7DE0 /* AddCategoryVC.swift in Sources */,
				9A9D2D4F2066A47700CC7DE0 /* EncodeDecodeService.swift in Sources */,
				9A9D2D4320665BFC00CC7DE0 /* CategoryVC.swift in Sources */,
				9ABA9AF22063DB4500ADA34E /* AppDelegate.swift in Sources */,
				9A9D2D65206A238500CC7DE0 /* CategoryHelper.swift in Sources */,
				9A9D2D512066C34E00CC7DE0 /* ColorCell.swift in Sources */,
				9A9D2D482066636800CC7DE0 /* Constants.swift in Sources */,
				9A9D2D592068FA1300CC7DE0 /* SelectParentCategoryVC.swift in Sources */,
				9A9D2D612069111E00CC7DE0 /* CategoryProtocol.swift in Sources */,
				9A9D2D412065558700CC7DE0 /* ReportVC.swift in Sources */,
				9ABA9B122063E18800ADA34E /* GradientView.swift in Sources */,
				9ABA9B0A2063DCB500ADA34E /* SWRevealViewController.m in Sources */,
				9ABA9B0D2063E01000ADA34E /* SlideVC.swift in Sources */,
			);
			runOnlyForDeploymentPostprocessing = 0;
		};
/* End PBXSourcesBuildPhase section */

/* Begin PBXVariantGroup section */
		9ABA9AF52063DB4500ADA34E /* Main.storyboard */ = {
			isa = PBXVariantGroup;
			children = (
				9ABA9AF62063DB4500ADA34E /* Base */,
			);
			name = Main.storyboard;
			sourceTree = "<group>";
		};
		9ABA9AFD2063DB4500ADA34E /* LaunchScreen.storyboard */ = {
			isa = PBXVariantGroup;
			children = (
				9ABA9AFE2063DB4500ADA34E /* Base */,
			);
			name = LaunchScreen.storyboard;
			sourceTree = "<group>";
		};
/* End PBXVariantGroup section */

/* Begin XCBuildConfiguration section */
		9ABA9B012063DB4500ADA34E /* Debug */ = {
			isa = XCBuildConfiguration;
			buildSettings = {
				ALWAYS_SEARCH_USER_PATHS = NO;
				CLANG_ANALYZER_NONNULL = YES;
				CLANG_ANALYZER_NUMBER_OBJECT_CONVERSION = YES_AGGRESSIVE;
				CLANG_CXX_LANGUAGE_STANDARD = "gnu++14";
				CLANG_CXX_LIBRARY = "libc++";
				CLANG_ENABLE_MODULES = YES;
				CLANG_ENABLE_OBJC_ARC = YES;
				CLANG_WARN_BLOCK_CAPTURE_AUTORELEASING = YES;
				CLANG_WARN_BOOL_CONVERSION = YES;
				CLANG_WARN_COMMA = YES;
				CLANG_WARN_CONSTANT_CONVERSION = YES;
				CLANG_WARN_DIRECT_OBJC_ISA_USAGE = YES_ERROR;
				CLANG_WARN_DOCUMENTATION_COMMENTS = YES;
				CLANG_WARN_EMPTY_BODY = YES;
				CLANG_WARN_ENUM_CONVERSION = YES;
				CLANG_WARN_INFINITE_RECURSION = YES;
				CLANG_WARN_INT_CONVERSION = YES;
				CLANG_WARN_NON_LITERAL_NULL_CONVERSION = YES;
				CLANG_WARN_OBJC_LITERAL_CONVERSION = YES;
				CLANG_WARN_OBJC_ROOT_CLASS = YES_ERROR;
				CLANG_WARN_RANGE_LOOP_ANALYSIS = YES;
				CLANG_WARN_STRICT_PROTOTYPES = YES;
				CLANG_WARN_SUSPICIOUS_MOVE = YES;
				CLANG_WARN_UNGUARDED_AVAILABILITY = YES_AGGRESSIVE;
				CLANG_WARN_UNREACHABLE_CODE = YES;
				CLANG_WARN__DUPLICATE_METHOD_MATCH = YES;
				CODE_SIGN_IDENTITY = "iPhone Developer";
				COPY_PHASE_STRIP = NO;
				DEBUG_INFORMATION_FORMAT = dwarf;
				ENABLE_STRICT_OBJC_MSGSEND = YES;
				ENABLE_TESTABILITY = YES;
				GCC_C_LANGUAGE_STANDARD = gnu11;
				GCC_DYNAMIC_NO_PIC = NO;
				GCC_NO_COMMON_BLOCKS = YES;
				GCC_OPTIMIZATION_LEVEL = 0;
				GCC_PREPROCESSOR_DEFINITIONS = (
					"DEBUG=1",
					"$(inherited)",
				);
				GCC_WARN_64_TO_32_BIT_CONVERSION = YES;
				GCC_WARN_ABOUT_RETURN_TYPE = YES_ERROR;
				GCC_WARN_UNDECLARED_SELECTOR = YES;
				GCC_WARN_UNINITIALIZED_AUTOS = YES_AGGRESSIVE;
				GCC_WARN_UNUSED_FUNCTION = YES;
				GCC_WARN_UNUSED_VARIABLE = YES;
				IPHONEOS_DEPLOYMENT_TARGET = 11.2;
				MTL_ENABLE_DEBUG_INFO = YES;
				ONLY_ACTIVE_ARCH = YES;
				SDKROOT = iphoneos;
				SWIFT_ACTIVE_COMPILATION_CONDITIONS = DEBUG;
				SWIFT_OPTIMIZATION_LEVEL = "-Onone";
			};
			name = Debug;
		};
		9ABA9B022063DB4500ADA34E /* Release */ = {
			isa = XCBuildConfiguration;
			buildSettings = {
				ALWAYS_SEARCH_USER_PATHS = NO;
				CLANG_ANALYZER_NONNULL = YES;
				CLANG_ANALYZER_NUMBER_OBJECT_CONVERSION = YES_AGGRESSIVE;
				CLANG_CXX_LANGUAGE_STANDARD = "gnu++14";
				CLANG_CXX_LIBRARY = "libc++";
				CLANG_ENABLE_MODULES = YES;
				CLANG_ENABLE_OBJC_ARC = YES;
				CLANG_WARN_BLOCK_CAPTURE_AUTORELEASING = YES;
				CLANG_WARN_BOOL_CONVERSION = YES;
				CLANG_WARN_COMMA = YES;
				CLANG_WARN_CONSTANT_CONVERSION = YES;
				CLANG_WARN_DIRECT_OBJC_ISA_USAGE = YES_ERROR;
				CLANG_WARN_DOCUMENTATION_COMMENTS = YES;
				CLANG_WARN_EMPTY_BODY = YES;
				CLANG_WARN_ENUM_CONVERSION = YES;
				CLANG_WARN_INFINITE_RECURSION = YES;
				CLANG_WARN_INT_CONVERSION = YES;
				CLANG_WARN_NON_LITERAL_NULL_CONVERSION = YES;
				CLANG_WARN_OBJC_LITERAL_CONVERSION = YES;
				CLANG_WARN_OBJC_ROOT_CLASS = YES_ERROR;
				CLANG_WARN_RANGE_LOOP_ANALYSIS = YES;
				CLANG_WARN_STRICT_PROTOTYPES = YES;
				CLANG_WARN_SUSPICIOUS_MOVE = YES;
				CLANG_WARN_UNGUARDED_AVAILABILITY = YES_AGGRESSIVE;
				CLANG_WARN_UNREACHABLE_CODE = YES;
				CLANG_WARN__DUPLICATE_METHOD_MATCH = YES;
				CODE_SIGN_IDENTITY = "iPhone Developer";
				COPY_PHASE_STRIP = NO;
				DEBUG_INFORMATION_FORMAT = "dwarf-with-dsym";
				ENABLE_NS_ASSERTIONS = NO;
				ENABLE_STRICT_OBJC_MSGSEND = YES;
				GCC_C_LANGUAGE_STANDARD = gnu11;
				GCC_NO_COMMON_BLOCKS = YES;
				GCC_WARN_64_TO_32_BIT_CONVERSION = YES;
				GCC_WARN_ABOUT_RETURN_TYPE = YES_ERROR;
				GCC_WARN_UNDECLARED_SELECTOR = YES;
				GCC_WARN_UNINITIALIZED_AUTOS = YES_AGGRESSIVE;
				GCC_WARN_UNUSED_FUNCTION = YES;
				GCC_WARN_UNUSED_VARIABLE = YES;
				IPHONEOS_DEPLOYMENT_TARGET = 11.2;
				MTL_ENABLE_DEBUG_INFO = NO;
				SDKROOT = iphoneos;
				SWIFT_OPTIMIZATION_LEVEL = "-Owholemodule";
				VALIDATE_PRODUCT = YES;
			};
			name = Release;
		};
		9ABA9B042063DB4500ADA34E /* Debug */ = {
			isa = XCBuildConfiguration;
			baseConfigurationReference = 353AAFB1B83E3A0724330F15 /* Pods-iWallet.debug.xcconfig */;
			buildSettings = {
				ASSETCATALOG_COMPILER_APPICON_NAME = AppIcon;
				CLANG_ENABLE_MODULES = YES;
				CODE_SIGN_STYLE = Automatic;
				DEVELOPMENT_TEAM = 5AW3RZJ6LJ;
				INFOPLIST_FILE = iWallet/Info.plist;
				LD_RUNPATH_SEARCH_PATHS = "$(inherited) @executable_path/Frameworks";
				PRODUCT_BUNDLE_IDENTIFIER = ua.org.sguznin.iWallet;
				PRODUCT_NAME = "$(TARGET_NAME)";
				SWIFT_OBJC_BRIDGING_HEADER = "iWallet/Supporting Files/iWallet-Bridging-Header.h";
				SWIFT_OPTIMIZATION_LEVEL = "-Onone";
				SWIFT_VERSION = 4.0;
				TARGETED_DEVICE_FAMILY = "1,2";
			};
			name = Debug;
		};
		9ABA9B052063DB4500ADA34E /* Release */ = {
			isa = XCBuildConfiguration;
			baseConfigurationReference = 1F0844252092F4D146C20B7B /* Pods-iWallet.release.xcconfig */;
			buildSettings = {
				ASSETCATALOG_COMPILER_APPICON_NAME = AppIcon;
				CLANG_ENABLE_MODULES = YES;
				CODE_SIGN_STYLE = Automatic;
				DEVELOPMENT_TEAM = 5AW3RZJ6LJ;
				INFOPLIST_FILE = iWallet/Info.plist;
				LD_RUNPATH_SEARCH_PATHS = "$(inherited) @executable_path/Frameworks";
				PRODUCT_BUNDLE_IDENTIFIER = ua.org.sguznin.iWallet;
				PRODUCT_NAME = "$(TARGET_NAME)";
				SWIFT_OBJC_BRIDGING_HEADER = "iWallet/Supporting Files/iWallet-Bridging-Header.h";
				SWIFT_VERSION = 4.0;
				TARGETED_DEVICE_FAMILY = "1,2";
			};
			name = Release;
		};
/* End XCBuildConfiguration section */

/* Begin XCConfigurationList section */
		9ABA9AE92063DB4500ADA34E /* Build configuration list for PBXProject "iWallet" */ = {
			isa = XCConfigurationList;
			buildConfigurations = (
				9ABA9B012063DB4500ADA34E /* Debug */,
				9ABA9B022063DB4500ADA34E /* Release */,
			);
			defaultConfigurationIsVisible = 0;
			defaultConfigurationName = Release;
		};
		9ABA9B032063DB4500ADA34E /* Build configuration list for PBXNativeTarget "iWallet" */ = {
			isa = XCConfigurationList;
			buildConfigurations = (
				9ABA9B042063DB4500ADA34E /* Debug */,
				9ABA9B052063DB4500ADA34E /* Release */,
			);
			defaultConfigurationIsVisible = 0;
			defaultConfigurationName = Release;
		};
/* End XCConfigurationList section */

/* Begin XCVersionGroup section */
		9ABA9AF82063DB4500ADA34E /* iWallet.xcdatamodeld */ = {
			isa = XCVersionGroup;
			children = (
				9ABA9AF92063DB4500ADA34E /* iWallet.xcdatamodel */,
			);
			currentVersion = 9ABA9AF92063DB4500ADA34E /* iWallet.xcdatamodel */;
			path = iWallet.xcdatamodeld;
			sourceTree = "<group>";
			versionGroupType = wrapper.xcdatamodel;
		};
/* End XCVersionGroup section */
	};
	rootObject = 9ABA9AE62063DB4500ADA34E /* Project object */;
}
