// !$*UTF8*$!
{
	archiveVersion = 1;
	classes = {
	};
	objectVersion = 48;
	objects = {

/* Begin PBXBuildFile section */
		20D63935E8CB4862B8459C86 /* Pods_iWallet.framework in Frameworks */ = {isa = PBXBuildFile; fileRef = DEB2ECF79F9C0C4E2B19C8B3 /* Pods_iWallet.framework */; };
		9A1849222093913C0083E13E /* ViewWithBottomButton.swift in Sources */ = {isa = PBXBuildFile; fileRef = 9A1849212093913C0083E13E /* ViewWithBottomButton.swift */; };
		9A1D47E120BABA84001FCDDD /* saltedge.com.cer in Resources */ = {isa = PBXBuildFile; fileRef = 9A1D47E020BAB8F4001FCDDD /* saltedge.com.cer */; };
		9A1EAE6C209B8D6100E56D33 /* TransactionCell.xib in Resources */ = {isa = PBXBuildFile; fileRef = 9A1EAE6A209B8D6100E56D33 /* TransactionCell.xib */; };
		9A305B1220AECE9C00DD79FF /* PieChartVC.swift in Sources */ = {isa = PBXBuildFile; fileRef = 9A305B1020AECE9C00DD79FF /* PieChartVC.swift */; };
		9A305B1320AECE9C00DD79FF /* PieChartVC.xib in Resources */ = {isa = PBXBuildFile; fileRef = 9A305B1120AECE9C00DD79FF /* PieChartVC.xib */; };
		9A305B3720B435F200DD79FF /* DateValueFormatter.swift in Sources */ = {isa = PBXBuildFile; fileRef = 9A305B3620B435F100DD79FF /* DateValueFormatter.swift */; };
		9A305B3A20B43ACC00DD79FF /* LineChartVC.swift in Sources */ = {isa = PBXBuildFile; fileRef = 9A305B3820B43ACC00DD79FF /* LineChartVC.swift */; };
		9A305B3B20B43ACC00DD79FF /* LineChartVC.xib in Resources */ = {isa = PBXBuildFile; fileRef = 9A305B3920B43ACC00DD79FF /* LineChartVC.xib */; };
		9A36663C2099F1D8005F6F4D /* SearchVC.swift in Sources */ = {isa = PBXBuildFile; fileRef = 9A36663B2099F1D8005F6F4D /* SearchVC.swift */; };
		9A3853F9208A1E8C008B804D /* PlaceProtocol.swift in Sources */ = {isa = PBXBuildFile; fileRef = 9A3853F8208A1E8C008B804D /* PlaceProtocol.swift */; };
		9A3853FC208A3F59008B804D /* PlaceCell.swift in Sources */ = {isa = PBXBuildFile; fileRef = 9A3853FA208A3F59008B804D /* PlaceCell.swift */; };
		9A3853FD208A3F59008B804D /* PlaceCell.xib in Resources */ = {isa = PBXBuildFile; fileRef = 9A3853FB208A3F59008B804D /* PlaceCell.xib */; };
		9A3C1C3B20A9F7F200B2865E /* GradientViewWithCentralPoint.swift in Sources */ = {isa = PBXBuildFile; fileRef = 9A3C1C3A20A9F7F200B2865E /* GradientViewWithCentralPoint.swift */; };
		9A3C1C3D20AAE2A900B2865E /* ButtonWithRoundedCorner.swift in Sources */ = {isa = PBXBuildFile; fileRef = 9A3C1C3C20AAE2A900B2865E /* ButtonWithRoundedCorner.swift */; };
		9A4A531B20878D9400E90EEA /* ImageHelper.swift in Sources */ = {isa = PBXBuildFile; fileRef = 9A4A531A20878D9400E90EEA /* ImageHelper.swift */; };
		9A4A531E208790AA00E90EEA /* PhotoVC.swift in Sources */ = {isa = PBXBuildFile; fileRef = 9A4A531C208790AA00E90EEA /* PhotoVC.swift */; };
		9A4A531F208790AA00E90EEA /* PhotoVC.xib in Resources */ = {isa = PBXBuildFile; fileRef = 9A4A531D208790AA00E90EEA /* PhotoVC.xib */; };
		9A4A53212087A95800E90EEA /* PhotoProtocol.swift in Sources */ = {isa = PBXBuildFile; fileRef = 9A4A53202087A95800E90EEA /* PhotoProtocol.swift */; };
		9A4A53232088604700E90EEA /* ScrollViewWithTopAndBottomFixedViews.swift in Sources */ = {isa = PBXBuildFile; fileRef = 9A4A53222088604700E90EEA /* ScrollViewWithTopAndBottomFixedViews.swift */; };
		9A538FCB2083C1B200107B31 /* TagCell.swift in Sources */ = {isa = PBXBuildFile; fileRef = 9A538FC92083C1B200107B31 /* TagCell.swift */; };
		9A538FCC2083C1B200107B31 /* TagCell.xib in Resources */ = {isa = PBXBuildFile; fileRef = 9A538FCA2083C1B200107B31 /* TagCell.xib */; };
		9A59A48E20A0508F00B35E70 /* MapVC.swift in Sources */ = {isa = PBXBuildFile; fileRef = 9A59A48D20A0508F00B35E70 /* MapVC.swift */; };
		9A59A49020A1AB6F00B35E70 /* MapPlace.swift in Sources */ = {isa = PBXBuildFile; fileRef = 9A59A48F20A1AB6F00B35E70 /* MapPlace.swift */; };
		9A59A49220A1CD4800B35E70 /* MapPlaceMarkerView.swift in Sources */ = {isa = PBXBuildFile; fileRef = 9A59A49120A1CD4800B35E70 /* MapPlaceMarkerView.swift */; };
		9A59A49420A217B700B35E70 /* MapPlaceView.swift in Sources */ = {isa = PBXBuildFile; fileRef = 9A59A49320A217B700B35E70 /* MapPlaceView.swift */; };
		9A59A49920A2F23800B35E70 /* PlaceDetailsVC.swift in Sources */ = {isa = PBXBuildFile; fileRef = 9A59A49720A2F23800B35E70 /* PlaceDetailsVC.swift */; };
		9A59A49A20A2F23800B35E70 /* PlaceDetailsVC.xib in Resources */ = {isa = PBXBuildFile; fileRef = 9A59A49820A2F23800B35E70 /* PlaceDetailsVC.xib */; };
		9A59A49C20A434C700B35E70 /* Detail.swift in Sources */ = {isa = PBXBuildFile; fileRef = 9A59A49B20A434C700B35E70 /* Detail.swift */; };
		9A5D9E8120A96D51001217CB /* AddTransactionAdditionalVC.swift in Sources */ = {isa = PBXBuildFile; fileRef = 9A5D9E7F20A96D51001217CB /* AddTransactionAdditionalVC.swift */; };
		9A5D9E8220A96D51001217CB /* AddTransactionAdditionalVC.xib in Resources */ = {isa = PBXBuildFile; fileRef = 9A5D9E8020A96D51001217CB /* AddTransactionAdditionalVC.xib */; };
		9A659822206BDC2000519722 /* AccountCell.swift in Sources */ = {isa = PBXBuildFile; fileRef = 9A659820206BDC2000519722 /* AccountCell.swift */; };
		9A659823206BDC2000519722 /* AccountCell.xib in Resources */ = {isa = PBXBuildFile; fileRef = 9A659821206BDC2000519722 /* AccountCell.xib */; };
		9A65982D206BFB3100519722 /* Main.storyboard in Resources */ = {isa = PBXBuildFile; fileRef = 9A65982B206BFB3100519722 /* Main.storyboard */; };
		9A659830206CFD3500519722 /* AddAccountVC.swift in Sources */ = {isa = PBXBuildFile; fileRef = 9A65982E206CFD3500519722 /* AddAccountVC.swift */; };
		9A659831206CFD3500519722 /* AddAccountVC.xib in Resources */ = {isa = PBXBuildFile; fileRef = 9A65982F206CFD3500519722 /* AddAccountVC.xib */; };
		9A659833206D063400519722 /* ButtonWithRightImage.swift in Sources */ = {isa = PBXBuildFile; fileRef = 9A659832206D063400519722 /* ButtonWithRightImage.swift */; };
		9A659836206D413A00519722 /* SelectAccountTypeVC.swift in Sources */ = {isa = PBXBuildFile; fileRef = 9A659834206D413A00519722 /* SelectAccountTypeVC.swift */; };
		9A659837206D413A00519722 /* SelectAccountTypeVC.xib in Resources */ = {isa = PBXBuildFile; fileRef = 9A659835206D413A00519722 /* SelectAccountTypeVC.xib */; };
		9A659839206D41F200519722 /* AccountProtocol.swift in Sources */ = {isa = PBXBuildFile; fileRef = 9A659838206D41F200519722 /* AccountProtocol.swift */; };
		9A65983E206D46DD00519722 /* TypeAndCurrencyCell.swift in Sources */ = {isa = PBXBuildFile; fileRef = 9A65983C206D46DD00519722 /* TypeAndCurrencyCell.swift */; };
		9A65983F206D46DD00519722 /* TypeAndCurrencyCell.xib in Resources */ = {isa = PBXBuildFile; fileRef = 9A65983D206D46DD00519722 /* TypeAndCurrencyCell.xib */; };
		9A73000920727DF6002F84F6 /* BriefByAccountVC.swift in Sources */ = {isa = PBXBuildFile; fileRef = 9A73000820727DF6002F84F6 /* BriefByAccountVC.swift */; };
		9A73000B207384E7002F84F6 /* DateExt.swift in Sources */ = {isa = PBXBuildFile; fileRef = 9A73000A207384E7002F84F6 /* DateExt.swift */; };
		9A73000D2073A0A3002F84F6 /* TransactionCell.swift in Sources */ = {isa = PBXBuildFile; fileRef = 9A73000C2073A0A3002F84F6 /* TransactionCell.swift */; };
		9A73000F2073C4FF002F84F6 /* BriefProtocol.swift in Sources */ = {isa = PBXBuildFile; fileRef = 9A73000E2073C4FF002F84F6 /* BriefProtocol.swift */; };
		9A730030207602AF002F84F6 /* SelectAccountVC.swift in Sources */ = {isa = PBXBuildFile; fileRef = 9A73002E207602AF002F84F6 /* SelectAccountVC.swift */; };
		9A730031207602AF002F84F6 /* SelectAccountVC.xib in Resources */ = {isa = PBXBuildFile; fileRef = 9A73002F207602AF002F84F6 /* SelectAccountVC.xib */; };
		9A77003920B8411C000209D4 /* LoginVC.swift in Sources */ = {isa = PBXBuildFile; fileRef = 9A77003820B8411C000209D4 /* LoginVC.swift */; };
		9A77003C20B848EB000209D4 /* SignUpVC.swift in Sources */ = {isa = PBXBuildFile; fileRef = 9A77003A20B848EB000209D4 /* SignUpVC.swift */; };
		9A77003D20B848EB000209D4 /* SignUpVC.xib in Resources */ = {isa = PBXBuildFile; fileRef = 9A77003B20B848EB000209D4 /* SignUpVC.xib */; };
		9A77003F20B860C5000209D4 /* LoginHelper.swift in Sources */ = {isa = PBXBuildFile; fileRef = 9A77003E20B860C5000209D4 /* LoginHelper.swift */; };
		9A77004220B87B3E000209D4 /* ConnectToSaltEdgeVC.swift in Sources */ = {isa = PBXBuildFile; fileRef = 9A77004020B87B3E000209D4 /* ConnectToSaltEdgeVC.swift */; };
		9A77004320B87B3E000209D4 /* ConnectToSaltEdgeVC.xib in Resources */ = {isa = PBXBuildFile; fileRef = 9A77004120B87B3E000209D4 /* ConnectToSaltEdgeVC.xib */; };
		9A796E6A20B9A6FF0025FD2C /* SaltEdgeService.swift in Sources */ = {isa = PBXBuildFile; fileRef = 9A796E6920B9A6FF0025FD2C /* SaltEdgeService.swift */; };
		9A8044B4208E057F0048D82B /* SelectPlaceBySearchVC.swift in Sources */ = {isa = PBXBuildFile; fileRef = 9A8044B2208E057F0048D82B /* SelectPlaceBySearchVC.swift */; };
		9A8044B5208E057F0048D82B /* SelectPlaceBySearchVC.xib in Resources */ = {isa = PBXBuildFile; fileRef = 9A8044B3208E057F0048D82B /* SelectPlaceBySearchVC.xib */; };
		9A8044B8208F32FB0048D82B /* WalletCell.swift in Sources */ = {isa = PBXBuildFile; fileRef = 9A8044B6208F32FB0048D82B /* WalletCell.swift */; };
		9A8044B9208F32FB0048D82B /* WalletCell.xib in Resources */ = {isa = PBXBuildFile; fileRef = 9A8044B7208F32FB0048D82B /* WalletCell.xib */; };
		9A9D2D3D206548F300CC7DE0 /* UIViewControllerExt.swift in Sources */ = {isa = PBXBuildFile; fileRef = 9A9D2D3A206548F300CC7DE0 /* UIViewControllerExt.swift */; };
		9A9D2D3E206548F300CC7DE0 /* UIViewExt.swift in Sources */ = {isa = PBXBuildFile; fileRef = 9A9D2D3B206548F300CC7DE0 /* UIViewExt.swift */; };
		9A9D2D3F206548F300CC7DE0 /* UIButtonExt.swift in Sources */ = {isa = PBXBuildFile; fileRef = 9A9D2D3C206548F300CC7DE0 /* UIButtonExt.swift */; };
		9A9D2D412065558700CC7DE0 /* ReportVC.swift in Sources */ = {isa = PBXBuildFile; fileRef = 9A9D2D402065558700CC7DE0 /* ReportVC.swift */; };
		9A9D2D4320665BFC00CC7DE0 /* CategoryVC.swift in Sources */ = {isa = PBXBuildFile; fileRef = 9A9D2D4220665BFC00CC7DE0 /* CategoryVC.swift */; };
		9A9D2D482066636800CC7DE0 /* Constants.swift in Sources */ = {isa = PBXBuildFile; fileRef = 9A9D2D472066636800CC7DE0 /* Constants.swift */; };
		9A9D2D4B206663D400CC7DE0 /* CoreDataService.swift in Sources */ = {isa = PBXBuildFile; fileRef = 9A9D2D4A206663D400CC7DE0 /* CoreDataService.swift */; };
		9A9D2D4D2066674800CC7DE0 /* AddCategoryVC.swift in Sources */ = {isa = PBXBuildFile; fileRef = 9A9D2D4C2066674800CC7DE0 /* AddCategoryVC.swift */; };
		9A9D2D4F2066A47700CC7DE0 /* EncodeDecodeService.swift in Sources */ = {isa = PBXBuildFile; fileRef = 9A9D2D4E2066A47600CC7DE0 /* EncodeDecodeService.swift */; };
		9A9D2D512066C34E00CC7DE0 /* ColorCell.swift in Sources */ = {isa = PBXBuildFile; fileRef = 9A9D2D502066C34E00CC7DE0 /* ColorCell.swift */; };
		9A9D2D592068FA1300CC7DE0 /* SelectParentCategoryVC.swift in Sources */ = {isa = PBXBuildFile; fileRef = 9A9D2D572068FA1300CC7DE0 /* SelectParentCategoryVC.swift */; };
		9A9D2D5A2068FA1300CC7DE0 /* SelectParentCategoryVC.xib in Resources */ = {isa = PBXBuildFile; fileRef = 9A9D2D582068FA1300CC7DE0 /* SelectParentCategoryVC.xib */; };
		9A9D2D5D2068FDA800CC7DE0 /* CategoryCell.swift in Sources */ = {isa = PBXBuildFile; fileRef = 9A9D2D5B2068FDA800CC7DE0 /* CategoryCell.swift */; };
		9A9D2D5E2068FDA800CC7DE0 /* CategoryCell.xib in Resources */ = {isa = PBXBuildFile; fileRef = 9A9D2D5C2068FDA800CC7DE0 /* CategoryCell.xib */; };
		9A9D2D612069111E00CC7DE0 /* CategoryProtocol.swift in Sources */ = {isa = PBXBuildFile; fileRef = 9A9D2D602069111E00CC7DE0 /* CategoryProtocol.swift */; };
		9A9D2D65206A238500CC7DE0 /* CategoryHelper.swift in Sources */ = {isa = PBXBuildFile; fileRef = 9A9D2D64206A238400CC7DE0 /* CategoryHelper.swift */; };
		9AA7FF2D206A74E10093D0DE /* SettingsVC.swift in Sources */ = {isa = PBXBuildFile; fileRef = 9AA7FF2C206A74E10093D0DE /* SettingsVC.swift */; };
		9AA7FF35206BA7F70093D0DE /* AccountHelper.swift in Sources */ = {isa = PBXBuildFile; fileRef = 9AA7FF34206BA7F70093D0DE /* AccountHelper.swift */; };
		9AABAD6B2070DB87001AA162 /* SelectTransactionTypeVC.swift in Sources */ = {isa = PBXBuildFile; fileRef = 9AABAD692070DB87001AA162 /* SelectTransactionTypeVC.swift */; };
		9AABAD6C2070DB87001AA162 /* SelectTransactionTypeVC.xib in Resources */ = {isa = PBXBuildFile; fileRef = 9AABAD6A2070DB87001AA162 /* SelectTransactionTypeVC.xib */; };
		9AABAD6E2070E0BB001AA162 /* TransactionProtocol.swift in Sources */ = {isa = PBXBuildFile; fileRef = 9AABAD6D2070E0BB001AA162 /* TransactionProtocol.swift */; };
		9AABAD72207147E9001AA162 /* CalendarVC.xib in Resources */ = {isa = PBXBuildFile; fileRef = 9AABAD70207147E9001AA162 /* CalendarVC.xib */; };
		9AABAD7320714C1F001AA162 /* CalendarVC.swift in Sources */ = {isa = PBXBuildFile; fileRef = 9AABAD6F207147E8001AA162 /* CalendarVC.swift */; };
		9AABAD7720716716001AA162 /* CalendarProtocol.swift in Sources */ = {isa = PBXBuildFile; fileRef = 9AABAD7620716716001AA162 /* CalendarProtocol.swift */; };
		9AABAD7920716AC4001AA162 /* ColorsConfig.swift in Sources */ = {isa = PBXBuildFile; fileRef = 9AABAD7820716AC4001AA162 /* ColorsConfig.swift */; };
		9AB9841220921BED008E84D9 /* CoinCell.swift in Sources */ = {isa = PBXBuildFile; fileRef = 9AB9841020921BED008E84D9 /* CoinCell.swift */; };
		9AB9841320921BED008E84D9 /* CoinCell.xib in Resources */ = {isa = PBXBuildFile; fileRef = 9AB9841120921BED008E84D9 /* CoinCell.xib */; };
		9AB9841520934FEE008E84D9 /* CircularLabel.swift in Sources */ = {isa = PBXBuildFile; fileRef = 9AB9841420934FEE008E84D9 /* CircularLabel.swift */; };
		9ABA9AF22063DB4500ADA34E /* AppDelegate.swift in Sources */ = {isa = PBXBuildFile; fileRef = 9ABA9AF12063DB4500ADA34E /* AppDelegate.swift */; };
		9ABA9AFA2063DB4500ADA34E /* iWallet.xcdatamodeld in Sources */ = {isa = PBXBuildFile; fileRef = 9ABA9AF82063DB4500ADA34E /* iWallet.xcdatamodeld */; };
		9ABA9AFC2063DB4500ADA34E /* Assets.xcassets in Resources */ = {isa = PBXBuildFile; fileRef = 9ABA9AFB2063DB4500ADA34E /* Assets.xcassets */; };
		9ABA9AFF2063DB4500ADA34E /* LaunchScreen.storyboard in Resources */ = {isa = PBXBuildFile; fileRef = 9ABA9AFD2063DB4500ADA34E /* LaunchScreen.storyboard */; };
		9ABA9B0A2063DCB500ADA34E /* SWRevealViewController.m in Sources */ = {isa = PBXBuildFile; fileRef = 9ABA9B082063DCB500ADA34E /* SWRevealViewController.m */; };
		9ABA9B0D2063E01000ADA34E /* SlideVC.swift in Sources */ = {isa = PBXBuildFile; fileRef = 9ABA9B0C2063E01000ADA34E /* SlideVC.swift */; };
		9ABA9B0F2063E02500ADA34E /* MainVC.swift in Sources */ = {isa = PBXBuildFile; fileRef = 9ABA9B0E2063E02500ADA34E /* MainVC.swift */; };
		9ABA9B122063E18800ADA34E /* GradientView.swift in Sources */ = {isa = PBXBuildFile; fileRef = 9ABA9B112063E18800ADA34E /* GradientView.swift */; };
		9ABE1A2520C07DB7004DC5A7 /* SettingsProtocol.swift in Sources */ = {isa = PBXBuildFile; fileRef = 9ABE1A2420C07DB7004DC5A7 /* SettingsProtocol.swift */; };
		9ABEB6BC206E25AE00F817BD /* SelectCurrencyVC.xib in Resources */ = {isa = PBXBuildFile; fileRef = 9ABEB6BA206E25AE00F817BD /* SelectCurrencyVC.xib */; };
		9AD795DC2077583C00AFB3BE /* ExchangeService.swift in Sources */ = {isa = PBXBuildFile; fileRef = 9AD795DB2077583C00AFB3BE /* ExchangeService.swift */; };
		9AD795DE2077B14900AFB3BE /* InitDataHelper.swift in Sources */ = {isa = PBXBuildFile; fileRef = 9AD795DD2077B14900AFB3BE /* InitDataHelper.swift */; };
		9AD795E02077BA3600AFB3BE /* DoubleExt.swift in Sources */ = {isa = PBXBuildFile; fileRef = 9AD795DF2077BA3600AFB3BE /* DoubleExt.swift */; };
		9ADA1036207CBAB2001BFCD4 /* StringExt.swift in Sources */ = {isa = PBXBuildFile; fileRef = 9ADA1035207CBAB2001BFCD4 /* StringExt.swift */; };
		9ADCC8BB2080BAEB00F446E4 /* SelectCurrencyVC.swift in Sources */ = {isa = PBXBuildFile; fileRef = 9ADCC8BA2080BAEB00F446E4 /* SelectCurrencyVC.swift */; };
		9AE093C32087550A00CF43E6 /* PhotoCell.swift in Sources */ = {isa = PBXBuildFile; fileRef = 9AE093C12087550A00CF43E6 /* PhotoCell.swift */; };
		9AE093C42087550A00CF43E6 /* PhotoCell.xib in Resources */ = {isa = PBXBuildFile; fileRef = 9AE093C22087550A00CF43E6 /* PhotoCell.xib */; };
		9AE6D565206E8A5500886F73 /* AddTransactionVC.swift in Sources */ = {isa = PBXBuildFile; fileRef = 9AE6D563206E8A5500886F73 /* AddTransactionVC.swift */; };
		9AE6D566206E8A5500886F73 /* AddTransactionVC.xib in Resources */ = {isa = PBXBuildFile; fileRef = 9AE6D564206E8A5500886F73 /* AddTransactionVC.xib */; };
		9AE6D568206E93C700886F73 /* TransactionHelper.swift in Sources */ = {isa = PBXBuildFile; fileRef = 9AE6D567206E93C700886F73 /* TransactionHelper.swift */; };
		9AEEDBAC207A951600BB9925 /* LaunchVC.swift in Sources */ = {isa = PBXBuildFile; fileRef = 9AEEDBAB207A951600BB9925 /* LaunchVC.swift */; };
		9AF34A002088CCD3005A94C7 /* DirectedPanGestureRecognizer.swift in Sources */ = {isa = PBXBuildFile; fileRef = 9AF349FF2088CCD3005A94C7 /* DirectedPanGestureRecognizer.swift */; };
		9AF34A022089E9E9005A94C7 /* FourSquareService.swift in Sources */ = {isa = PBXBuildFile; fileRef = 9AF34A012089E9E9005A94C7 /* FourSquareService.swift */; };
		9AF34A05208A1C74005A94C7 /* SelectPlaceVC.swift in Sources */ = {isa = PBXBuildFile; fileRef = 9AF34A03208A1C74005A94C7 /* SelectPlaceVC.swift */; };
		9AF34A06208A1C74005A94C7 /* SelectPlaceVC.xib in Resources */ = {isa = PBXBuildFile; fileRef = 9AF34A04208A1C74005A94C7 /* SelectPlaceVC.xib */; };
/* End PBXBuildFile section */

/* Begin PBXFileReference section */
		1F0844252092F4D146C20B7B /* Pods-iWallet.release.xcconfig */ = {isa = PBXFileReference; includeInIndex = 1; lastKnownFileType = text.xcconfig; name = "Pods-iWallet.release.xcconfig"; path = "Pods/Target Support Files/Pods-iWallet/Pods-iWallet.release.xcconfig"; sourceTree = "<group>"; };
		353AAFB1B83E3A0724330F15 /* Pods-iWallet.debug.xcconfig */ = {isa = PBXFileReference; includeInIndex = 1; lastKnownFileType = text.xcconfig; name = "Pods-iWallet.debug.xcconfig"; path = "Pods/Target Support Files/Pods-iWallet/Pods-iWallet.debug.xcconfig"; sourceTree = "<group>"; };
		9A1849212093913C0083E13E /* ViewWithBottomButton.swift */ = {isa = PBXFileReference; lastKnownFileType = sourcecode.swift; path = ViewWithBottomButton.swift; sourceTree = "<group>"; };
		9A1D47E020BAB8F4001FCDDD /* saltedge.com.cer */ = {isa = PBXFileReference; lastKnownFileType = file; path = saltedge.com.cer; sourceTree = "<group>"; };
		9A1EAE6A209B8D6100E56D33 /* TransactionCell.xib */ = {isa = PBXFileReference; lastKnownFileType = file.xib; path = TransactionCell.xib; sourceTree = "<group>"; };
		9A305B1020AECE9C00DD79FF /* PieChartVC.swift */ = {isa = PBXFileReference; lastKnownFileType = sourcecode.swift; path = PieChartVC.swift; sourceTree = "<group>"; };
		9A305B1120AECE9C00DD79FF /* PieChartVC.xib */ = {isa = PBXFileReference; lastKnownFileType = file.xib; path = PieChartVC.xib; sourceTree = "<group>"; };
		9A305B3620B435F100DD79FF /* DateValueFormatter.swift */ = {isa = PBXFileReference; fileEncoding = 4; lastKnownFileType = sourcecode.swift; path = DateValueFormatter.swift; sourceTree = "<group>"; };
		9A305B3820B43ACC00DD79FF /* LineChartVC.swift */ = {isa = PBXFileReference; lastKnownFileType = sourcecode.swift; path = LineChartVC.swift; sourceTree = "<group>"; };
		9A305B3920B43ACC00DD79FF /* LineChartVC.xib */ = {isa = PBXFileReference; lastKnownFileType = file.xib; path = LineChartVC.xib; sourceTree = "<group>"; };
		9A36663B2099F1D8005F6F4D /* SearchVC.swift */ = {isa = PBXFileReference; lastKnownFileType = sourcecode.swift; path = SearchVC.swift; sourceTree = "<group>"; };
		9A3853F8208A1E8C008B804D /* PlaceProtocol.swift */ = {isa = PBXFileReference; lastKnownFileType = sourcecode.swift; path = PlaceProtocol.swift; sourceTree = "<group>"; };
		9A3853FA208A3F59008B804D /* PlaceCell.swift */ = {isa = PBXFileReference; lastKnownFileType = sourcecode.swift; path = PlaceCell.swift; sourceTree = "<group>"; };
		9A3853FB208A3F59008B804D /* PlaceCell.xib */ = {isa = PBXFileReference; lastKnownFileType = file.xib; path = PlaceCell.xib; sourceTree = "<group>"; };
		9A3C1C3A20A9F7F200B2865E /* GradientViewWithCentralPoint.swift */ = {isa = PBXFileReference; lastKnownFileType = sourcecode.swift; path = GradientViewWithCentralPoint.swift; sourceTree = "<group>"; };
		9A3C1C3C20AAE2A900B2865E /* ButtonWithRoundedCorner.swift */ = {isa = PBXFileReference; lastKnownFileType = sourcecode.swift; path = ButtonWithRoundedCorner.swift; sourceTree = "<group>"; };
		9A4A531A20878D9400E90EEA /* ImageHelper.swift */ = {isa = PBXFileReference; lastKnownFileType = sourcecode.swift; path = ImageHelper.swift; sourceTree = "<group>"; };
		9A4A531C208790AA00E90EEA /* PhotoVC.swift */ = {isa = PBXFileReference; lastKnownFileType = sourcecode.swift; path = PhotoVC.swift; sourceTree = "<group>"; };
		9A4A531D208790AA00E90EEA /* PhotoVC.xib */ = {isa = PBXFileReference; lastKnownFileType = file.xib; path = PhotoVC.xib; sourceTree = "<group>"; };
		9A4A53202087A95800E90EEA /* PhotoProtocol.swift */ = {isa = PBXFileReference; lastKnownFileType = sourcecode.swift; path = PhotoProtocol.swift; sourceTree = "<group>"; };
		9A4A53222088604700E90EEA /* ScrollViewWithTopAndBottomFixedViews.swift */ = {isa = PBXFileReference; lastKnownFileType = sourcecode.swift; path = ScrollViewWithTopAndBottomFixedViews.swift; sourceTree = "<group>"; };
		9A538FC92083C1B200107B31 /* TagCell.swift */ = {isa = PBXFileReference; lastKnownFileType = sourcecode.swift; path = TagCell.swift; sourceTree = "<group>"; };
		9A538FCA2083C1B200107B31 /* TagCell.xib */ = {isa = PBXFileReference; lastKnownFileType = file.xib; path = TagCell.xib; sourceTree = "<group>"; };
		9A59A48D20A0508F00B35E70 /* MapVC.swift */ = {isa = PBXFileReference; lastKnownFileType = sourcecode.swift; path = MapVC.swift; sourceTree = "<group>"; };
		9A59A48F20A1AB6F00B35E70 /* MapPlace.swift */ = {isa = PBXFileReference; lastKnownFileType = sourcecode.swift; path = MapPlace.swift; sourceTree = "<group>"; };
		9A59A49120A1CD4800B35E70 /* MapPlaceMarkerView.swift */ = {isa = PBXFileReference; lastKnownFileType = sourcecode.swift; path = MapPlaceMarkerView.swift; sourceTree = "<group>"; };
		9A59A49320A217B700B35E70 /* MapPlaceView.swift */ = {isa = PBXFileReference; lastKnownFileType = sourcecode.swift; path = MapPlaceView.swift; sourceTree = "<group>"; };
		9A59A49720A2F23800B35E70 /* PlaceDetailsVC.swift */ = {isa = PBXFileReference; lastKnownFileType = sourcecode.swift; path = PlaceDetailsVC.swift; sourceTree = "<group>"; };
		9A59A49820A2F23800B35E70 /* PlaceDetailsVC.xib */ = {isa = PBXFileReference; lastKnownFileType = file.xib; path = PlaceDetailsVC.xib; sourceTree = "<group>"; };
		9A59A49B20A434C700B35E70 /* Detail.swift */ = {isa = PBXFileReference; lastKnownFileType = sourcecode.swift; path = Detail.swift; sourceTree = "<group>"; };
		9A5D9E7F20A96D51001217CB /* AddTransactionAdditionalVC.swift */ = {isa = PBXFileReference; lastKnownFileType = sourcecode.swift; path = AddTransactionAdditionalVC.swift; sourceTree = "<group>"; };
		9A5D9E8020A96D51001217CB /* AddTransactionAdditionalVC.xib */ = {isa = PBXFileReference; lastKnownFileType = file.xib; path = AddTransactionAdditionalVC.xib; sourceTree = "<group>"; };
		9A659820206BDC2000519722 /* AccountCell.swift */ = {isa = PBXFileReference; lastKnownFileType = sourcecode.swift; path = AccountCell.swift; sourceTree = "<group>"; };
		9A659821206BDC2000519722 /* AccountCell.xib */ = {isa = PBXFileReference; lastKnownFileType = file.xib; path = AccountCell.xib; sourceTree = "<group>"; };
		9A65982C206BFB3100519722 /* Base */ = {isa = PBXFileReference; lastKnownFileType = file.storyboard; name = Base; path = Base.lproj/Main.storyboard; sourceTree = "<group>"; };
		9A65982E206CFD3500519722 /* AddAccountVC.swift */ = {isa = PBXFileReference; lastKnownFileType = sourcecode.swift; path = AddAccountVC.swift; sourceTree = "<group>"; };
		9A65982F206CFD3500519722 /* AddAccountVC.xib */ = {isa = PBXFileReference; lastKnownFileType = file.xib; path = AddAccountVC.xib; sourceTree = "<group>"; };
		9A659832206D063400519722 /* ButtonWithRightImage.swift */ = {isa = PBXFileReference; lastKnownFileType = sourcecode.swift; path = ButtonWithRightImage.swift; sourceTree = "<group>"; };
		9A659834206D413A00519722 /* SelectAccountTypeVC.swift */ = {isa = PBXFileReference; lastKnownFileType = sourcecode.swift; path = SelectAccountTypeVC.swift; sourceTree = "<group>"; };
		9A659835206D413A00519722 /* SelectAccountTypeVC.xib */ = {isa = PBXFileReference; lastKnownFileType = file.xib; path = SelectAccountTypeVC.xib; sourceTree = "<group>"; };
		9A659838206D41F200519722 /* AccountProtocol.swift */ = {isa = PBXFileReference; lastKnownFileType = sourcecode.swift; path = AccountProtocol.swift; sourceTree = "<group>"; };
		9A65983C206D46DD00519722 /* TypeAndCurrencyCell.swift */ = {isa = PBXFileReference; lastKnownFileType = sourcecode.swift; path = TypeAndCurrencyCell.swift; sourceTree = "<group>"; };
		9A65983D206D46DD00519722 /* TypeAndCurrencyCell.xib */ = {isa = PBXFileReference; lastKnownFileType = file.xib; path = TypeAndCurrencyCell.xib; sourceTree = "<group>"; };
		9A73000820727DF6002F84F6 /* BriefByAccountVC.swift */ = {isa = PBXFileReference; lastKnownFileType = sourcecode.swift; path = BriefByAccountVC.swift; sourceTree = "<group>"; };
		9A73000A207384E7002F84F6 /* DateExt.swift */ = {isa = PBXFileReference; lastKnownFileType = sourcecode.swift; path = DateExt.swift; sourceTree = "<group>"; };
		9A73000C2073A0A3002F84F6 /* TransactionCell.swift */ = {isa = PBXFileReference; lastKnownFileType = sourcecode.swift; path = TransactionCell.swift; sourceTree = "<group>"; };
		9A73000E2073C4FF002F84F6 /* BriefProtocol.swift */ = {isa = PBXFileReference; lastKnownFileType = sourcecode.swift; path = BriefProtocol.swift; sourceTree = "<group>"; };
		9A73002E207602AF002F84F6 /* SelectAccountVC.swift */ = {isa = PBXFileReference; lastKnownFileType = sourcecode.swift; path = SelectAccountVC.swift; sourceTree = "<group>"; };
		9A73002F207602AF002F84F6 /* SelectAccountVC.xib */ = {isa = PBXFileReference; lastKnownFileType = file.xib; path = SelectAccountVC.xib; sourceTree = "<group>"; };
		9A77003820B8411C000209D4 /* LoginVC.swift */ = {isa = PBXFileReference; lastKnownFileType = sourcecode.swift; path = LoginVC.swift; sourceTree = "<group>"; };
		9A77003A20B848EB000209D4 /* SignUpVC.swift */ = {isa = PBXFileReference; lastKnownFileType = sourcecode.swift; path = SignUpVC.swift; sourceTree = "<group>"; };
		9A77003B20B848EB000209D4 /* SignUpVC.xib */ = {isa = PBXFileReference; lastKnownFileType = file.xib; path = SignUpVC.xib; sourceTree = "<group>"; };
		9A77003E20B860C5000209D4 /* LoginHelper.swift */ = {isa = PBXFileReference; lastKnownFileType = sourcecode.swift; path = LoginHelper.swift; sourceTree = "<group>"; };
		9A77004020B87B3E000209D4 /* ConnectToSaltEdgeVC.swift */ = {isa = PBXFileReference; lastKnownFileType = sourcecode.swift; path = ConnectToSaltEdgeVC.swift; sourceTree = "<group>"; };
		9A77004120B87B3E000209D4 /* ConnectToSaltEdgeVC.xib */ = {isa = PBXFileReference; lastKnownFileType = file.xib; path = ConnectToSaltEdgeVC.xib; sourceTree = "<group>"; };
		9A796E6920B9A6FF0025FD2C /* SaltEdgeService.swift */ = {isa = PBXFileReference; lastKnownFileType = sourcecode.swift; path = SaltEdgeService.swift; sourceTree = "<group>"; };
		9A8044B2208E057F0048D82B /* SelectPlaceBySearchVC.swift */ = {isa = PBXFileReference; lastKnownFileType = sourcecode.swift; path = SelectPlaceBySearchVC.swift; sourceTree = "<group>"; };
		9A8044B3208E057F0048D82B /* SelectPlaceBySearchVC.xib */ = {isa = PBXFileReference; lastKnownFileType = file.xib; path = SelectPlaceBySearchVC.xib; sourceTree = "<group>"; };
		9A8044B6208F32FB0048D82B /* WalletCell.swift */ = {isa = PBXFileReference; lastKnownFileType = sourcecode.swift; path = WalletCell.swift; sourceTree = "<group>"; };
		9A8044B7208F32FB0048D82B /* WalletCell.xib */ = {isa = PBXFileReference; lastKnownFileType = file.xib; path = WalletCell.xib; sourceTree = "<group>"; };
		9A9D2D3A206548F300CC7DE0 /* UIViewControllerExt.swift */ = {isa = PBXFileReference; fileEncoding = 4; lastKnownFileType = sourcecode.swift; path = UIViewControllerExt.swift; sourceTree = "<group>"; };
		9A9D2D3B206548F300CC7DE0 /* UIViewExt.swift */ = {isa = PBXFileReference; fileEncoding = 4; lastKnownFileType = sourcecode.swift; path = UIViewExt.swift; sourceTree = "<group>"; };
		9A9D2D3C206548F300CC7DE0 /* UIButtonExt.swift */ = {isa = PBXFileReference; fileEncoding = 4; lastKnownFileType = sourcecode.swift; path = UIButtonExt.swift; sourceTree = "<group>"; };
		9A9D2D402065558700CC7DE0 /* ReportVC.swift */ = {isa = PBXFileReference; lastKnownFileType = sourcecode.swift; path = ReportVC.swift; sourceTree = "<group>"; };
		9A9D2D4220665BFC00CC7DE0 /* CategoryVC.swift */ = {isa = PBXFileReference; lastKnownFileType = sourcecode.swift; path = CategoryVC.swift; sourceTree = "<group>"; };
		9A9D2D472066636800CC7DE0 /* Constants.swift */ = {isa = PBXFileReference; lastKnownFileType = sourcecode.swift; path = Constants.swift; sourceTree = "<group>"; };
		9A9D2D4A206663D400CC7DE0 /* CoreDataService.swift */ = {isa = PBXFileReference; lastKnownFileType = sourcecode.swift; path = CoreDataService.swift; sourceTree = "<group>"; };
		9A9D2D4C2066674800CC7DE0 /* AddCategoryVC.swift */ = {isa = PBXFileReference; lastKnownFileType = sourcecode.swift; path = AddCategoryVC.swift; sourceTree = "<group>"; };
		9A9D2D4E2066A47600CC7DE0 /* EncodeDecodeService.swift */ = {isa = PBXFileReference; lastKnownFileType = sourcecode.swift; path = EncodeDecodeService.swift; sourceTree = "<group>"; };
		9A9D2D502066C34E00CC7DE0 /* ColorCell.swift */ = {isa = PBXFileReference; lastKnownFileType = sourcecode.swift; path = ColorCell.swift; sourceTree = "<group>"; };
		9A9D2D572068FA1300CC7DE0 /* SelectParentCategoryVC.swift */ = {isa = PBXFileReference; lastKnownFileType = sourcecode.swift; path = SelectParentCategoryVC.swift; sourceTree = "<group>"; };
		9A9D2D582068FA1300CC7DE0 /* SelectParentCategoryVC.xib */ = {isa = PBXFileReference; lastKnownFileType = file.xib; path = SelectParentCategoryVC.xib; sourceTree = "<group>"; };
		9A9D2D5B2068FDA800CC7DE0 /* CategoryCell.swift */ = {isa = PBXFileReference; lastKnownFileType = sourcecode.swift; path = CategoryCell.swift; sourceTree = "<group>"; };
		9A9D2D5C2068FDA800CC7DE0 /* CategoryCell.xib */ = {isa = PBXFileReference; lastKnownFileType = file.xib; path = CategoryCell.xib; sourceTree = "<group>"; };
		9A9D2D602069111E00CC7DE0 /* CategoryProtocol.swift */ = {isa = PBXFileReference; lastKnownFileType = sourcecode.swift; path = CategoryProtocol.swift; sourceTree = "<group>"; };
		9A9D2D64206A238400CC7DE0 /* CategoryHelper.swift */ = {isa = PBXFileReference; lastKnownFileType = sourcecode.swift; path = CategoryHelper.swift; sourceTree = "<group>"; };
		9AA7FF2C206A74E10093D0DE /* SettingsVC.swift */ = {isa = PBXFileReference; lastKnownFileType = sourcecode.swift; path = SettingsVC.swift; sourceTree = "<group>"; };
		9AA7FF34206BA7F70093D0DE /* AccountHelper.swift */ = {isa = PBXFileReference; lastKnownFileType = sourcecode.swift; path = AccountHelper.swift; sourceTree = "<group>"; };
		9AABAD692070DB87001AA162 /* SelectTransactionTypeVC.swift */ = {isa = PBXFileReference; lastKnownFileType = sourcecode.swift; path = SelectTransactionTypeVC.swift; sourceTree = "<group>"; };
		9AABAD6A2070DB87001AA162 /* SelectTransactionTypeVC.xib */ = {isa = PBXFileReference; lastKnownFileType = file.xib; path = SelectTransactionTypeVC.xib; sourceTree = "<group>"; };
		9AABAD6D2070E0BB001AA162 /* TransactionProtocol.swift */ = {isa = PBXFileReference; lastKnownFileType = sourcecode.swift; path = TransactionProtocol.swift; sourceTree = "<group>"; };
		9AABAD6F207147E8001AA162 /* CalendarVC.swift */ = {isa = PBXFileReference; lastKnownFileType = sourcecode.swift; path = CalendarVC.swift; sourceTree = "<group>"; };
		9AABAD70207147E9001AA162 /* CalendarVC.xib */ = {isa = PBXFileReference; lastKnownFileType = file.xib; path = CalendarVC.xib; sourceTree = "<group>"; };
		9AABAD7420714CCF001AA162 /* CVCalendar.framework */ = {isa = PBXFileReference; explicitFileType = wrapper.framework; path = CVCalendar.framework; sourceTree = BUILT_PRODUCTS_DIR; };
		9AABAD7620716716001AA162 /* CalendarProtocol.swift */ = {isa = PBXFileReference; lastKnownFileType = sourcecode.swift; path = CalendarProtocol.swift; sourceTree = "<group>"; };
		9AABAD7820716AC4001AA162 /* ColorsConfig.swift */ = {isa = PBXFileReference; fileEncoding = 4; lastKnownFileType = sourcecode.swift; path = ColorsConfig.swift; sourceTree = "<group>"; };
		9AB9841020921BED008E84D9 /* CoinCell.swift */ = {isa = PBXFileReference; lastKnownFileType = sourcecode.swift; path = CoinCell.swift; sourceTree = "<group>"; };
		9AB9841120921BED008E84D9 /* CoinCell.xib */ = {isa = PBXFileReference; lastKnownFileType = file.xib; path = CoinCell.xib; sourceTree = "<group>"; };
		9AB9841420934FEE008E84D9 /* CircularLabel.swift */ = {isa = PBXFileReference; lastKnownFileType = sourcecode.swift; path = CircularLabel.swift; sourceTree = "<group>"; };
		9ABA9AEE2063DB4500ADA34E /* iWallet.app */ = {isa = PBXFileReference; explicitFileType = wrapper.application; includeInIndex = 0; path = iWallet.app; sourceTree = BUILT_PRODUCTS_DIR; };
		9ABA9AF12063DB4500ADA34E /* AppDelegate.swift */ = {isa = PBXFileReference; lastKnownFileType = sourcecode.swift; path = AppDelegate.swift; sourceTree = "<group>"; };
		9ABA9AF92063DB4500ADA34E /* iWallet.xcdatamodel */ = {isa = PBXFileReference; lastKnownFileType = wrapper.xcdatamodel; path = iWallet.xcdatamodel; sourceTree = "<group>"; };
		9ABA9AFB2063DB4500ADA34E /* Assets.xcassets */ = {isa = PBXFileReference; lastKnownFileType = folder.assetcatalog; path = Assets.xcassets; sourceTree = "<group>"; };
		9ABA9AFE2063DB4500ADA34E /* Base */ = {isa = PBXFileReference; lastKnownFileType = file.storyboard; name = Base; path = Base.lproj/LaunchScreen.storyboard; sourceTree = "<group>"; };
		9ABA9B002063DB4500ADA34E /* Info.plist */ = {isa = PBXFileReference; lastKnownFileType = text.plist.xml; path = Info.plist; sourceTree = "<group>"; };
		9ABA9B072063DCB500ADA34E /* iWallet-Bridging-Header.h */ = {isa = PBXFileReference; lastKnownFileType = sourcecode.c.h; path = "iWallet-Bridging-Header.h"; sourceTree = "<group>"; };
		9ABA9B082063DCB500ADA34E /* SWRevealViewController.m */ = {isa = PBXFileReference; fileEncoding = 4; lastKnownFileType = sourcecode.c.objc; path = SWRevealViewController.m; sourceTree = "<group>"; };
		9ABA9B092063DCB500ADA34E /* SWRevealViewController.h */ = {isa = PBXFileReference; fileEncoding = 4; lastKnownFileType = sourcecode.c.h; path = SWRevealViewController.h; sourceTree = "<group>"; };
		9ABA9B0C2063E01000ADA34E /* SlideVC.swift */ = {isa = PBXFileReference; lastKnownFileType = sourcecode.swift; path = SlideVC.swift; sourceTree = "<group>"; };
		9ABA9B0E2063E02500ADA34E /* MainVC.swift */ = {isa = PBXFileReference; lastKnownFileType = sourcecode.swift; path = MainVC.swift; sourceTree = "<group>"; };
		9ABA9B112063E18800ADA34E /* GradientView.swift */ = {isa = PBXFileReference; fileEncoding = 4; lastKnownFileType = sourcecode.swift; path = GradientView.swift; sourceTree = "<group>"; };
		9ABE1A2420C07DB7004DC5A7 /* SettingsProtocol.swift */ = {isa = PBXFileReference; lastKnownFileType = sourcecode.swift; path = SettingsProtocol.swift; sourceTree = "<group>"; };
		9ABEB6BA206E25AE00F817BD /* SelectCurrencyVC.xib */ = {isa = PBXFileReference; lastKnownFileType = file.xib; path = SelectCurrencyVC.xib; sourceTree = "<group>"; };
		9AD795DB2077583C00AFB3BE /* ExchangeService.swift */ = {isa = PBXFileReference; lastKnownFileType = sourcecode.swift; path = ExchangeService.swift; sourceTree = "<group>"; };
		9AD795DD2077B14900AFB3BE /* InitDataHelper.swift */ = {isa = PBXFileReference; lastKnownFileType = sourcecode.swift; path = InitDataHelper.swift; sourceTree = "<group>"; };
		9AD795DF2077BA3600AFB3BE /* DoubleExt.swift */ = {isa = PBXFileReference; lastKnownFileType = sourcecode.swift; path = DoubleExt.swift; sourceTree = "<group>"; };
		9ADA1035207CBAB2001BFCD4 /* StringExt.swift */ = {isa = PBXFileReference; lastKnownFileType = sourcecode.swift; path = StringExt.swift; sourceTree = "<group>"; };
		9ADCC8BA2080BAEB00F446E4 /* SelectCurrencyVC.swift */ = {isa = PBXFileReference; fileEncoding = 4; lastKnownFileType = sourcecode.swift; path = SelectCurrencyVC.swift; sourceTree = "<group>"; };
		9AE093C12087550A00CF43E6 /* PhotoCell.swift */ = {isa = PBXFileReference; lastKnownFileType = sourcecode.swift; path = PhotoCell.swift; sourceTree = "<group>"; };
		9AE093C22087550A00CF43E6 /* PhotoCell.xib */ = {isa = PBXFileReference; lastKnownFileType = file.xib; path = PhotoCell.xib; sourceTree = "<group>"; };
		9AE6D563206E8A5500886F73 /* AddTransactionVC.swift */ = {isa = PBXFileReference; lastKnownFileType = sourcecode.swift; path = AddTransactionVC.swift; sourceTree = "<group>"; };
		9AE6D564206E8A5500886F73 /* AddTransactionVC.xib */ = {isa = PBXFileReference; lastKnownFileType = file.xib; path = AddTransactionVC.xib; sourceTree = "<group>"; };
		9AE6D567206E93C700886F73 /* TransactionHelper.swift */ = {isa = PBXFileReference; lastKnownFileType = sourcecode.swift; path = TransactionHelper.swift; sourceTree = "<group>"; };
		9AEEDBAB207A951600BB9925 /* LaunchVC.swift */ = {isa = PBXFileReference; lastKnownFileType = sourcecode.swift; path = LaunchVC.swift; sourceTree = "<group>"; };
		9AF349FF2088CCD3005A94C7 /* DirectedPanGestureRecognizer.swift */ = {isa = PBXFileReference; fileEncoding = 4; lastKnownFileType = sourcecode.swift; path = DirectedPanGestureRecognizer.swift; sourceTree = "<group>"; };
		9AF34A012089E9E9005A94C7 /* FourSquareService.swift */ = {isa = PBXFileReference; lastKnownFileType = sourcecode.swift; path = FourSquareService.swift; sourceTree = "<group>"; };
		9AF34A03208A1C74005A94C7 /* SelectPlaceVC.swift */ = {isa = PBXFileReference; lastKnownFileType = sourcecode.swift; path = SelectPlaceVC.swift; sourceTree = "<group>"; };
		9AF34A04208A1C74005A94C7 /* SelectPlaceVC.xib */ = {isa = PBXFileReference; lastKnownFileType = file.xib; path = SelectPlaceVC.xib; sourceTree = "<group>"; };
		DEB2ECF79F9C0C4E2B19C8B3 /* Pods_iWallet.framework */ = {isa = PBXFileReference; explicitFileType = wrapper.framework; includeInIndex = 0; path = Pods_iWallet.framework; sourceTree = BUILT_PRODUCTS_DIR; };
/* End PBXFileReference section */

/* Begin PBXFrameworksBuildPhase section */
		9ABA9AEB2063DB4500ADA34E /* Frameworks */ = {
			isa = PBXFrameworksBuildPhase;
			buildActionMask = 2147483647;
			files = (
				20D63935E8CB4862B8459C86 /* Pods_iWallet.framework in Frameworks */,
			);
			runOnlyForDeploymentPostprocessing = 0;
		};
/* End PBXFrameworksBuildPhase section */

/* Begin PBXGroup section */
		747C799939B274BBEBB627D0 /* Frameworks */ = {
			isa = PBXGroup;
			children = (
				9AABAD7420714CCF001AA162 /* CVCalendar.framework */,
				DEB2ECF79F9C0C4E2B19C8B3 /* Pods_iWallet.framework */,
			);
			name = Frameworks;
			sourceTree = "<group>";
		};
		9A305B1620B4151700DD79FF /* Chart */ = {
			isa = PBXGroup;
			children = (
				9A305B3620B435F100DD79FF /* DateValueFormatter.swift */,
			);
			path = Chart;
			sourceTree = "<group>";
		};
		9A9D2D39206548D800CC7DE0 /* Extension */ = {
			isa = PBXGroup;
			children = (
				9A9D2D3C206548F300CC7DE0 /* UIButtonExt.swift */,
				9A9D2D3A206548F300CC7DE0 /* UIViewControllerExt.swift */,
				9A9D2D3B206548F300CC7DE0 /* UIViewExt.swift */,
				9A73000A207384E7002F84F6 /* DateExt.swift */,
				9AD795DF2077BA3600AFB3BE /* DoubleExt.swift */,
				9ADA1035207CBAB2001BFCD4 /* StringExt.swift */,
			);
			path = Extension;
			sourceTree = "<group>";
		};
		9A9D2D462066635600CC7DE0 /* Helpers */ = {
			isa = PBXGroup;
			children = (
				9AF349FF2088CCD3005A94C7 /* DirectedPanGestureRecognizer.swift */,
				9AABAD7820716AC4001AA162 /* ColorsConfig.swift */,
				9A9D2D472066636800CC7DE0 /* Constants.swift */,
				9A9D2D64206A238400CC7DE0 /* CategoryHelper.swift */,
				9AA7FF34206BA7F70093D0DE /* AccountHelper.swift */,
				9AE6D567206E93C700886F73 /* TransactionHelper.swift */,
				9AD795DD2077B14900AFB3BE /* InitDataHelper.swift */,
				9A4A531A20878D9400E90EEA /* ImageHelper.swift */,
				9A59A49B20A434C700B35E70 /* Detail.swift */,
				9A77003E20B860C5000209D4 /* LoginHelper.swift */,
			);
			path = Helpers;
			sourceTree = "<group>";
		};
		9A9D2D49206663B500CC7DE0 /* Srevices */ = {
			isa = PBXGroup;
			children = (
				9A9D2D4A206663D400CC7DE0 /* CoreDataService.swift */,
				9A9D2D4E2066A47600CC7DE0 /* EncodeDecodeService.swift */,
				9AD795DB2077583C00AFB3BE /* ExchangeService.swift */,
				9AF34A012089E9E9005A94C7 /* FourSquareService.swift */,
				9A796E6920B9A6FF0025FD2C /* SaltEdgeService.swift */,
			);
			path = Srevices;
			sourceTree = "<group>";
		};
		9A9D2D562068DCC300CC7DE0 /* XIBs */ = {
			isa = PBXGroup;
			children = (
				9A77003B20B848EB000209D4 /* SignUpVC.xib */,
				9AF34A04208A1C74005A94C7 /* SelectPlaceVC.xib */,
				9A8044B3208E057F0048D82B /* SelectPlaceBySearchVC.xib */,
				9A9D2D582068FA1300CC7DE0 /* SelectParentCategoryVC.xib */,
				9A9D2D5C2068FDA800CC7DE0 /* CategoryCell.xib */,
				9A659821206BDC2000519722 /* AccountCell.xib */,
				9A65982F206CFD3500519722 /* AddAccountVC.xib */,
				9A659835206D413A00519722 /* SelectAccountTypeVC.xib */,
				9A65983D206D46DD00519722 /* TypeAndCurrencyCell.xib */,
				9ABEB6BA206E25AE00F817BD /* SelectCurrencyVC.xib */,
				9AABAD6A2070DB87001AA162 /* SelectTransactionTypeVC.xib */,
				9A5D9E8020A96D51001217CB /* AddTransactionAdditionalVC.xib */,
				9AE6D564206E8A5500886F73 /* AddTransactionVC.xib */,
				9AABAD70207147E9001AA162 /* CalendarVC.xib */,
				9A73002F207602AF002F84F6 /* SelectAccountVC.xib */,
				9A538FCA2083C1B200107B31 /* TagCell.xib */,
				9AE093C22087550A00CF43E6 /* PhotoCell.xib */,
				9A4A531D208790AA00E90EEA /* PhotoVC.xib */,
				9A3853FB208A3F59008B804D /* PlaceCell.xib */,
				9AB9841120921BED008E84D9 /* CoinCell.xib */,
				9A8044B7208F32FB0048D82B /* WalletCell.xib */,
				9A1EAE6A209B8D6100E56D33 /* TransactionCell.xib */,
				9A59A49820A2F23800B35E70 /* PlaceDetailsVC.xib */,
				9A305B1120AECE9C00DD79FF /* PieChartVC.xib */,
				9A305B3920B43ACC00DD79FF /* LineChartVC.xib */,
				9A77004120B87B3E000209D4 /* ConnectToSaltEdgeVC.xib */,
			);
			path = XIBs;
			sourceTree = "<group>";
		};
		9A9D2D5F2069110700CC7DE0 /* Protocols */ = {
			isa = PBXGroup;
			children = (
				9A9D2D602069111E00CC7DE0 /* CategoryProtocol.swift */,
				9A659838206D41F200519722 /* AccountProtocol.swift */,
				9AABAD6D2070E0BB001AA162 /* TransactionProtocol.swift */,
				9AABAD7620716716001AA162 /* CalendarProtocol.swift */,
				9A73000E2073C4FF002F84F6 /* BriefProtocol.swift */,
				9A4A53202087A95800E90EEA /* PhotoProtocol.swift */,
				9A3853F8208A1E8C008B804D /* PlaceProtocol.swift */,
				9ABE1A2420C07DB7004DC5A7 /* SettingsProtocol.swift */,
			);
			path = Protocols;
			sourceTree = "<group>";
		};
		9ABA9AE52063DB4500ADA34E = {
			isa = PBXGroup;
			children = (
				9ABA9AF02063DB4500ADA34E /* iWallet */,
				9ABA9AEF2063DB4500ADA34E /* Products */,
				CF44050666741276020DD3AD /* Pods */,
				747C799939B274BBEBB627D0 /* Frameworks */,
			);
			sourceTree = "<group>";
		};
		9ABA9AEF2063DB4500ADA34E /* Products */ = {
			isa = PBXGroup;
			children = (
				9ABA9AEE2063DB4500ADA34E /* iWallet.app */,
			);
			name = Products;
			sourceTree = "<group>";
		};
		9ABA9AF02063DB4500ADA34E /* iWallet */ = {
			isa = PBXGroup;
			children = (
				9A305B1620B4151700DD79FF /* Chart */,
				9A9D2D5F2069110700CC7DE0 /* Protocols */,
				9A9D2D562068DCC300CC7DE0 /* XIBs */,
				9A9D2D49206663B500CC7DE0 /* Srevices */,
				9A9D2D462066635600CC7DE0 /* Helpers */,
				9A9D2D39206548D800CC7DE0 /* Extension */,
				9ABA9B102063E17500ADA34E /* Views */,
				9ABA9B0B2063DF4B00ADA34E /* Controllers */,
				9ABA9B062063DC9400ADA34E /* Supporting Files */,
				9ABA9AF12063DB4500ADA34E /* AppDelegate.swift */,
				9ABA9AFB2063DB4500ADA34E /* Assets.xcassets */,
				9A65982B206BFB3100519722 /* Main.storyboard */,
				9ABA9AFD2063DB4500ADA34E /* LaunchScreen.storyboard */,
				9ABA9B002063DB4500ADA34E /* Info.plist */,
				9ABA9AF82063DB4500ADA34E /* iWallet.xcdatamodeld */,
			);
			path = iWallet;
			sourceTree = "<group>";
		};
		9ABA9B062063DC9400ADA34E /* Supporting Files */ = {
			isa = PBXGroup;
			children = (
				9A1D47E020BAB8F4001FCDDD /* saltedge.com.cer */,
				9ABA9B092063DCB500ADA34E /* SWRevealViewController.h */,
				9ABA9B082063DCB500ADA34E /* SWRevealViewController.m */,
				9ABA9B072063DCB500ADA34E /* iWallet-Bridging-Header.h */,
			);
			path = "Supporting Files";
			sourceTree = "<group>";
		};
		9ABA9B0B2063DF4B00ADA34E /* Controllers */ = {
			isa = PBXGroup;
			children = (
				9ABA9B0C2063E01000ADA34E /* SlideVC.swift */,
				9ABA9B0E2063E02500ADA34E /* MainVC.swift */,
				9A9D2D402065558700CC7DE0 /* ReportVC.swift */,
				9A9D2D4220665BFC00CC7DE0 /* CategoryVC.swift */,
				9A9D2D4C2066674800CC7DE0 /* AddCategoryVC.swift */,
				9A9D2D572068FA1300CC7DE0 /* SelectParentCategoryVC.swift */,
				9AA7FF2C206A74E10093D0DE /* SettingsVC.swift */,
				9A65982E206CFD3500519722 /* AddAccountVC.swift */,
				9A659834206D413A00519722 /* SelectAccountTypeVC.swift */,
				9ADCC8BA2080BAEB00F446E4 /* SelectCurrencyVC.swift */,
				9AE6D563206E8A5500886F73 /* AddTransactionVC.swift */,
				9A5D9E7F20A96D51001217CB /* AddTransactionAdditionalVC.swift */,
				9AABAD692070DB87001AA162 /* SelectTransactionTypeVC.swift */,
				9AABAD6F207147E8001AA162 /* CalendarVC.swift */,
				9A73000820727DF6002F84F6 /* BriefByAccountVC.swift */,
				9A73002E207602AF002F84F6 /* SelectAccountVC.swift */,
				9AEEDBAB207A951600BB9925 /* LaunchVC.swift */,
				9A4A531C208790AA00E90EEA /* PhotoVC.swift */,
				9AF34A03208A1C74005A94C7 /* SelectPlaceVC.swift */,
				9A8044B2208E057F0048D82B /* SelectPlaceBySearchVC.swift */,
				9A36663B2099F1D8005F6F4D /* SearchVC.swift */,
				9A59A48D20A0508F00B35E70 /* MapVC.swift */,
				9A59A49720A2F23800B35E70 /* PlaceDetailsVC.swift */,
				9A305B1020AECE9C00DD79FF /* PieChartVC.swift */,
				9A305B3820B43ACC00DD79FF /* LineChartVC.swift */,
				9A77003820B8411C000209D4 /* LoginVC.swift */,
				9A77003A20B848EB000209D4 /* SignUpVC.swift */,
				9A77004020B87B3E000209D4 /* ConnectToSaltEdgeVC.swift */,
			);
			path = Controllers;
			sourceTree = "<group>";
		};
		9ABA9B102063E17500ADA34E /* Views */ = {
			isa = PBXGroup;
			children = (
				9A659832206D063400519722 /* ButtonWithRightImage.swift */,
				9A3C1C3C20AAE2A900B2865E /* ButtonWithRoundedCorner.swift */,
				9ABA9B112063E18800ADA34E /* GradientView.swift */,
				9A3C1C3A20A9F7F200B2865E /* GradientViewWithCentralPoint.swift */,
				9A9D2D502066C34E00CC7DE0 /* ColorCell.swift */,
				9A9D2D5B2068FDA800CC7DE0 /* CategoryCell.swift */,
				9A659820206BDC2000519722 /* AccountCell.swift */,
				9A65983C206D46DD00519722 /* TypeAndCurrencyCell.swift */,
				9A73000C2073A0A3002F84F6 /* TransactionCell.swift */,
				9A538FC92083C1B200107B31 /* TagCell.swift */,
				9AE093C12087550A00CF43E6 /* PhotoCell.swift */,
				9A4A53222088604700E90EEA /* ScrollViewWithTopAndBottomFixedViews.swift */,
				9A1849212093913C0083E13E /* ViewWithBottomButton.swift */,
				9A3853FA208A3F59008B804D /* PlaceCell.swift */,
				9A8044B6208F32FB0048D82B /* WalletCell.swift */,
				9AB9841020921BED008E84D9 /* CoinCell.swift */,
				9AB9841420934FEE008E84D9 /* CircularLabel.swift */,
				9A59A48F20A1AB6F00B35E70 /* MapPlace.swift */,
				9A59A49120A1CD4800B35E70 /* MapPlaceMarkerView.swift */,
				9A59A49320A217B700B35E70 /* MapPlaceView.swift */,
			);
			path = Views;
			sourceTree = "<group>";
		};
		CF44050666741276020DD3AD /* Pods */ = {
			isa = PBXGroup;
			children = (
				353AAFB1B83E3A0724330F15 /* Pods-iWallet.debug.xcconfig */,
				1F0844252092F4D146C20B7B /* Pods-iWallet.release.xcconfig */,
			);
			name = Pods;
			sourceTree = "<group>";
		};
/* End PBXGroup section */

/* Begin PBXNativeTarget section */
		9ABA9AED2063DB4500ADA34E /* iWallet */ = {
			isa = PBXNativeTarget;
			buildConfigurationList = 9ABA9B032063DB4500ADA34E /* Build configuration list for PBXNativeTarget "iWallet" */;
			buildPhases = (
				A6378D059F244E22AC24E467 /* [CP] Check Pods Manifest.lock */,
				9ABA9AEA2063DB4500ADA34E /* Sources */,
				9ABA9AEB2063DB4500ADA34E /* Frameworks */,
				9ABA9AEC2063DB4500ADA34E /* Resources */,
				42F074F9D1E772804B796560 /* [CP] Embed Pods Frameworks */,
			);
			buildRules = (
			);
			dependencies = (
			);
			name = iWallet;
			productName = iWallet;
			productReference = 9ABA9AEE2063DB4500ADA34E /* iWallet.app */;
			productType = "com.apple.product-type.application";
		};
/* End PBXNativeTarget section */

/* Begin PBXProject section */
		9ABA9AE62063DB4500ADA34E /* Project object */ = {
			isa = PBXProject;
			attributes = {
				LastSwiftUpdateCheck = 0920;
				LastUpgradeCheck = 0920;
				ORGANIZATIONNAME = "Sergey Guznin";
				TargetAttributes = {
					9ABA9AED2063DB4500ADA34E = {
						CreatedOnToolsVersion = 9.2;
						LastSwiftMigration = 0920;
						ProvisioningStyle = Automatic;
					};
				};
			};
			buildConfigurationList = 9ABA9AE92063DB4500ADA34E /* Build configuration list for PBXProject "iWallet" */;
			compatibilityVersion = "Xcode 8.0";
			developmentRegion = en;
			hasScannedForEncodings = 0;
			knownRegions = (
				en,
				Base,
			);
			mainGroup = 9ABA9AE52063DB4500ADA34E;
			productRefGroup = 9ABA9AEF2063DB4500ADA34E /* Products */;
			projectDirPath = "";
			projectRoot = "";
			targets = (
				9ABA9AED2063DB4500ADA34E /* iWallet */,
			);
		};
/* End PBXProject section */

/* Begin PBXResourcesBuildPhase section */
		9ABA9AEC2063DB4500ADA34E /* Resources */ = {
			isa = PBXResourcesBuildPhase;
			buildActionMask = 2147483647;
			files = (
				9A1D47E120BABA84001FCDDD /* saltedge.com.cer in Resources */,
				9A305B1320AECE9C00DD79FF /* PieChartVC.xib in Resources */,
				9A659831206CFD3500519722 /* AddAccountVC.xib in Resources */,
				9A8044B9208F32FB0048D82B /* WalletCell.xib in Resources */,
				9A65982D206BFB3100519722 /* Main.storyboard in Resources */,
				9A730031207602AF002F84F6 /* SelectAccountVC.xib in Resources */,
				9A65983F206D46DD00519722 /* TypeAndCurrencyCell.xib in Resources */,
				9A9D2D5E2068FDA800CC7DE0 /* CategoryCell.xib in Resources */,
				9A1EAE6C209B8D6100E56D33 /* TransactionCell.xib in Resources */,
				9ABEB6BC206E25AE00F817BD /* SelectCurrencyVC.xib in Resources */,
				9A538FCC2083C1B200107B31 /* TagCell.xib in Resources */,
				9AABAD6C2070DB87001AA162 /* SelectTransactionTypeVC.xib in Resources */,
				9AE093C42087550A00CF43E6 /* PhotoCell.xib in Resources */,
				9AB9841320921BED008E84D9 /* CoinCell.xib in Resources */,
				9A8044B5208E057F0048D82B /* SelectPlaceBySearchVC.xib in Resources */,
				9AABAD72207147E9001AA162 /* CalendarVC.xib in Resources */,
				9A305B3B20B43ACC00DD79FF /* LineChartVC.xib in Resources */,
				9A77003D20B848EB000209D4 /* SignUpVC.xib in Resources */,
				9A659837206D413A00519722 /* SelectAccountTypeVC.xib in Resources */,
				9A9D2D5A2068FA1300CC7DE0 /* SelectParentCategoryVC.xib in Resources */,
				9A3853FD208A3F59008B804D /* PlaceCell.xib in Resources */,
				9A659823206BDC2000519722 /* AccountCell.xib in Resources */,
				9AE6D566206E8A5500886F73 /* AddTransactionVC.xib in Resources */,
				9ABA9AFF2063DB4500ADA34E /* LaunchScreen.storyboard in Resources */,
				9A5D9E8220A96D51001217CB /* AddTransactionAdditionalVC.xib in Resources */,
				9A4A531F208790AA00E90EEA /* PhotoVC.xib in Resources */,
				9AF34A06208A1C74005A94C7 /* SelectPlaceVC.xib in Resources */,
				9A77004320B87B3E000209D4 /* ConnectToSaltEdgeVC.xib in Resources */,
				9ABA9AFC2063DB4500ADA34E /* Assets.xcassets in Resources */,
				9A59A49A20A2F23800B35E70 /* PlaceDetailsVC.xib in Resources */,
			);
			runOnlyForDeploymentPostprocessing = 0;
		};
/* End PBXResourcesBuildPhase section */

/* Begin PBXShellScriptBuildPhase section */
		42F074F9D1E772804B796560 /* [CP] Embed Pods Frameworks */ = {
			isa = PBXShellScriptBuildPhase;
			buildActionMask = 2147483647;
			files = (
			);
			inputPaths = (
				"${SRCROOT}/Pods/Target Support Files/Pods-iWallet/Pods-iWallet-frameworks.sh",
				"${BUILT_PRODUCTS_DIR}/Alamofire/Alamofire.framework",
				"${BUILT_PRODUCTS_DIR}/CVCalendar/CVCalendar.framework",
				"${BUILT_PRODUCTS_DIR}/Charts/Charts.framework",
				"${BUILT_PRODUCTS_DIR}/Expression/Expression.framework",
				"${BUILT_PRODUCTS_DIR}/PKHUD/PKHUD.framework",
				"${BUILT_PRODUCTS_DIR}/SaltEdge-iOS-Swift/SaltEdge.framework",
				"${BUILT_PRODUCTS_DIR}/SwiftyJSON/SwiftyJSON.framework",
			);
			name = "[CP] Embed Pods Frameworks";
			outputPaths = (
				"${TARGET_BUILD_DIR}/${FRAMEWORKS_FOLDER_PATH}/Alamofire.framework",
				"${TARGET_BUILD_DIR}/${FRAMEWORKS_FOLDER_PATH}/CVCalendar.framework",
				"${TARGET_BUILD_DIR}/${FRAMEWORKS_FOLDER_PATH}/Charts.framework",
				"${TARGET_BUILD_DIR}/${FRAMEWORKS_FOLDER_PATH}/Expression.framework",
				"${TARGET_BUILD_DIR}/${FRAMEWORKS_FOLDER_PATH}/PKHUD.framework",
				"${TARGET_BUILD_DIR}/${FRAMEWORKS_FOLDER_PATH}/SaltEdge.framework",
				"${TARGET_BUILD_DIR}/${FRAMEWORKS_FOLDER_PATH}/SwiftyJSON.framework",
			);
			runOnlyForDeploymentPostprocessing = 0;
			shellPath = /bin/sh;
			shellScript = "\"${SRCROOT}/Pods/Target Support Files/Pods-iWallet/Pods-iWallet-frameworks.sh\"\n";
			showEnvVarsInLog = 0;
		};
		A6378D059F244E22AC24E467 /* [CP] Check Pods Manifest.lock */ = {
			isa = PBXShellScriptBuildPhase;
			buildActionMask = 2147483647;
			files = (
			);
			inputPaths = (
				"${PODS_PODFILE_DIR_PATH}/Podfile.lock",
				"${PODS_ROOT}/Manifest.lock",
			);
			name = "[CP] Check Pods Manifest.lock";
			outputPaths = (
				"$(DERIVED_FILE_DIR)/Pods-iWallet-checkManifestLockResult.txt",
			);
			runOnlyForDeploymentPostprocessing = 0;
			shellPath = /bin/sh;
			shellScript = "diff \"${PODS_PODFILE_DIR_PATH}/Podfile.lock\" \"${PODS_ROOT}/Manifest.lock\" > /dev/null\nif [ $? != 0 ] ; then\n    # print error to STDERR\n    echo \"error: The sandbox is not in sync with the Podfile.lock. Run 'pod install' or update your CocoaPods installation.\" >&2\n    exit 1\nfi\n# This output is used by Xcode 'outputs' to avoid re-running this script phase.\necho \"SUCCESS\" > \"${SCRIPT_OUTPUT_FILE_0}\"\n";
			showEnvVarsInLog = 0;
		};
/* End PBXShellScriptBuildPhase section */

/* Begin PBXSourcesBuildPhase section */
		9ABA9AEA2063DB4500ADA34E /* Sources */ = {
			isa = PBXSourcesBuildPhase;
			buildActionMask = 2147483647;
			files = (
				9A9D2D4B206663D400CC7DE0 /* CoreDataService.swift in Sources */,
				9A9D2D3E206548F300CC7DE0 /* UIViewExt.swift in Sources */,
				9A59A49020A1AB6F00B35E70 /* MapPlace.swift in Sources */,
				9A73000B207384E7002F84F6 /* DateExt.swift in Sources */,
				9A9D2D3F206548F300CC7DE0 /* UIButtonExt.swift in Sources */,
				9ABA9AFA2063DB4500ADA34E /* iWallet.xcdatamodeld in Sources */,
				9AE6D568206E93C700886F73 /* TransactionHelper.swift in Sources */,
				9A305B3720B435F200DD79FF /* DateValueFormatter.swift in Sources */,
				9ABA9B0F2063E02500ADA34E /* MainVC.swift in Sources */,
				9AABAD6B2070DB87001AA162 /* SelectTransactionTypeVC.swift in Sources */,
				9A3C1C3B20A9F7F200B2865E /* GradientViewWithCentralPoint.swift in Sources */,
				9AABAD6E2070E0BB001AA162 /* TransactionProtocol.swift in Sources */,
				9A9D2D5D2068FDA800CC7DE0 /* CategoryCell.swift in Sources */,
				9A9D2D3D206548F300CC7DE0 /* UIViewControllerExt.swift in Sources */,
				9A77003C20B848EB000209D4 /* SignUpVC.swift in Sources */,
				9AEEDBAC207A951600BB9925 /* LaunchVC.swift in Sources */,
				9A3853F9208A1E8C008B804D /* PlaceProtocol.swift in Sources */,
				9A9D2D4D2066674800CC7DE0 /* AddCategoryVC.swift in Sources */,
				9AA7FF35206BA7F70093D0DE /* AccountHelper.swift in Sources */,
				9A59A48E20A0508F00B35E70 /* MapVC.swift in Sources */,
				9A4A531E208790AA00E90EEA /* PhotoVC.swift in Sources */,
				9AD795DC2077583C00AFB3BE /* ExchangeService.swift in Sources */,
				9AABAD7720716716001AA162 /* CalendarProtocol.swift in Sources */,
				9A77003920B8411C000209D4 /* LoginVC.swift in Sources */,
				9A73000920727DF6002F84F6 /* BriefByAccountVC.swift in Sources */,
				9A59A49220A1CD4800B35E70 /* MapPlaceMarkerView.swift in Sources */,
				9A659833206D063400519722 /* ButtonWithRightImage.swift in Sources */,
				9A9D2D4F2066A47700CC7DE0 /* EncodeDecodeService.swift in Sources */,
				9A9D2D4320665BFC00CC7DE0 /* CategoryVC.swift in Sources */,
				9A538FCB2083C1B200107B31 /* TagCell.swift in Sources */,
				9ABA9AF22063DB4500ADA34E /* AppDelegate.swift in Sources */,
				9A9D2D65206A238500CC7DE0 /* CategoryHelper.swift in Sources */,
				9A73000F2073C4FF002F84F6 /* BriefProtocol.swift in Sources */,
				9ABE1A2520C07DB7004DC5A7 /* SettingsProtocol.swift in Sources */,
				9A9D2D512066C34E00CC7DE0 /* ColorCell.swift in Sources */,
				9A36663C2099F1D8005F6F4D /* SearchVC.swift in Sources */,
				9A9D2D482066636800CC7DE0 /* Constants.swift in Sources */,
				9A9D2D592068FA1300CC7DE0 /* SelectParentCategoryVC.swift in Sources */,
				9A659822206BDC2000519722 /* AccountCell.swift in Sources */,
				9A305B3A20B43ACC00DD79FF /* LineChartVC.swift in Sources */,
				9AE093C32087550A00CF43E6 /* PhotoCell.swift in Sources */,
				9A796E6A20B9A6FF0025FD2C /* SaltEdgeService.swift in Sources */,
				9A3853FC208A3F59008B804D /* PlaceCell.swift in Sources */,
				9A59A49C20A434C700B35E70 /* Detail.swift in Sources */,
				9A8044B8208F32FB0048D82B /* WalletCell.swift in Sources */,
				9A9D2D612069111E00CC7DE0 /* CategoryProtocol.swift in Sources */,
				9A9D2D412065558700CC7DE0 /* ReportVC.swift in Sources */,
				9ABA9B122063E18800ADA34E /* GradientView.swift in Sources */,
				9A3C1C3D20AAE2A900B2865E /* ButtonWithRoundedCorner.swift in Sources */,
				9A8044B4208E057F0048D82B /* SelectPlaceBySearchVC.swift in Sources */,
				9AF34A002088CCD3005A94C7 /* DirectedPanGestureRecognizer.swift in Sources */,
				9AABAD7320714C1F001AA162 /* CalendarVC.swift in Sources */,
				9ADA1036207CBAB2001BFCD4 /* StringExt.swift in Sources */,
				9AB9841220921BED008E84D9 /* CoinCell.swift in Sources */,
				9AF34A05208A1C74005A94C7 /* SelectPlaceVC.swift in Sources */,
				9ABA9B0A2063DCB500ADA34E /* SWRevealViewController.m in Sources */,
				9A77004220B87B3E000209D4 /* ConnectToSaltEdgeVC.swift in Sources */,
				9AABAD7920716AC4001AA162 /* ColorsConfig.swift in Sources */,
				9ABA9B0D2063E01000ADA34E /* SlideVC.swift in Sources */,
				9A4A53212087A95800E90EEA /* PhotoProtocol.swift in Sources */,
				9AF34A022089E9E9005A94C7 /* FourSquareService.swift in Sources */,
				9AD795E02077BA3600AFB3BE /* DoubleExt.swift in Sources */,
				9ADCC8BB2080BAEB00F446E4 /* SelectCurrencyVC.swift in Sources */,
				9A659836206D413A00519722 /* SelectAccountTypeVC.swift in Sources */,
				9A730030207602AF002F84F6 /* SelectAccountVC.swift in Sources */,
				9AB9841520934FEE008E84D9 /* CircularLabel.swift in Sources */,
				9A4A531B20878D9400E90EEA /* ImageHelper.swift in Sources */,
				9A5D9E8120A96D51001217CB /* AddTransactionAdditionalVC.swift in Sources */,
				9A77003F20B860C5000209D4 /* LoginHelper.swift in Sources */,
				9A305B1220AECE9C00DD79FF /* PieChartVC.swift in Sources */,
				9A59A49920A2F23800B35E70 /* PlaceDetailsVC.swift in Sources */,
				9AA7FF2D206A74E10093D0DE /* SettingsVC.swift in Sources */,
				9A659830206CFD3500519722 /* AddAccountVC.swift in Sources */,
				9A65983E206D46DD00519722 /* TypeAndCurrencyCell.swift in Sources */,
				9AE6D565206E8A5500886F73 /* AddTransactionVC.swift in Sources */,
				9AD795DE2077B14900AFB3BE /* InitDataHelper.swift in Sources */,
				9A1849222093913C0083E13E /* ViewWithBottomButton.swift in Sources */,
				9A73000D2073A0A3002F84F6 /* TransactionCell.swift in Sources */,
				9A659839206D41F200519722 /* AccountProtocol.swift in Sources */,
				9A4A53232088604700E90EEA /* ScrollViewWithTopAndBottomFixedViews.swift in Sources */,
				9A59A49420A217B700B35E70 /* MapPlaceView.swift in Sources */,
			);
			runOnlyForDeploymentPostprocessing = 0;
		};
/* End PBXSourcesBuildPhase section */

/* Begin PBXVariantGroup section */
		9A65982B206BFB3100519722 /* Main.storyboard */ = {
			isa = PBXVariantGroup;
			children = (
				9A65982C206BFB3100519722 /* Base */,
			);
			name = Main.storyboard;
			sourceTree = "<group>";
		};
		9ABA9AFD2063DB4500ADA34E /* LaunchScreen.storyboard */ = {
			isa = PBXVariantGroup;
			children = (
				9ABA9AFE2063DB4500ADA34E /* Base */,
			);
			name = LaunchScreen.storyboard;
			sourceTree = "<group>";
		};
/* End PBXVariantGroup section */

/* Begin XCBuildConfiguration section */
		9ABA9B012063DB4500ADA34E /* Debug */ = {
			isa = XCBuildConfiguration;
			buildSettings = {
				ALWAYS_SEARCH_USER_PATHS = NO;
				CLANG_ANALYZER_NONNULL = YES;
				CLANG_ANALYZER_NUMBER_OBJECT_CONVERSION = YES_AGGRESSIVE;
				CLANG_CXX_LANGUAGE_STANDARD = "gnu++14";
				CLANG_CXX_LIBRARY = "libc++";
				CLANG_ENABLE_MODULES = YES;
				CLANG_ENABLE_OBJC_ARC = YES;
				CLANG_WARN_BLOCK_CAPTURE_AUTORELEASING = YES;
				CLANG_WARN_BOOL_CONVERSION = YES;
				CLANG_WARN_COMMA = YES;
				CLANG_WARN_CONSTANT_CONVERSION = YES;
				CLANG_WARN_DIRECT_OBJC_ISA_USAGE = YES_ERROR;
				CLANG_WARN_DOCUMENTATION_COMMENTS = YES;
				CLANG_WARN_EMPTY_BODY = YES;
				CLANG_WARN_ENUM_CONVERSION = YES;
				CLANG_WARN_INFINITE_RECURSION = YES;
				CLANG_WARN_INT_CONVERSION = YES;
				CLANG_WARN_NON_LITERAL_NULL_CONVERSION = YES;
				CLANG_WARN_OBJC_LITERAL_CONVERSION = YES;
				CLANG_WARN_OBJC_ROOT_CLASS = YES_ERROR;
				CLANG_WARN_RANGE_LOOP_ANALYSIS = YES;
				CLANG_WARN_STRICT_PROTOTYPES = YES;
				CLANG_WARN_SUSPICIOUS_MOVE = YES;
				CLANG_WARN_UNGUARDED_AVAILABILITY = YES_AGGRESSIVE;
				CLANG_WARN_UNREACHABLE_CODE = YES;
				CLANG_WARN__DUPLICATE_METHOD_MATCH = YES;
				CODE_SIGN_IDENTITY = "iPhone Developer";
				COPY_PHASE_STRIP = NO;
				DEBUG_INFORMATION_FORMAT = dwarf;
				ENABLE_STRICT_OBJC_MSGSEND = YES;
				ENABLE_TESTABILITY = YES;
				GCC_C_LANGUAGE_STANDARD = gnu11;
				GCC_DYNAMIC_NO_PIC = NO;
				GCC_NO_COMMON_BLOCKS = YES;
				GCC_OPTIMIZATION_LEVEL = 0;
				GCC_PREPROCESSOR_DEFINITIONS = (
					"DEBUG=1",
					"$(inherited)",
				);
				GCC_WARN_64_TO_32_BIT_CONVERSION = YES;
				GCC_WARN_ABOUT_RETURN_TYPE = YES_ERROR;
				GCC_WARN_UNDECLARED_SELECTOR = YES;
				GCC_WARN_UNINITIALIZED_AUTOS = YES_AGGRESSIVE;
				GCC_WARN_UNUSED_FUNCTION = YES;
				GCC_WARN_UNUSED_VARIABLE = YES;
				IPHONEOS_DEPLOYMENT_TARGET = 11.2;
				MTL_ENABLE_DEBUG_INFO = YES;
				ONLY_ACTIVE_ARCH = YES;
				SDKROOT = iphoneos;
				SWIFT_ACTIVE_COMPILATION_CONDITIONS = DEBUG;
				SWIFT_OPTIMIZATION_LEVEL = "-Onone";
			};
			name = Debug;
		};
		9ABA9B022063DB4500ADA34E /* Release */ = {
			isa = XCBuildConfiguration;
			buildSettings = {
				ALWAYS_SEARCH_USER_PATHS = NO;
				CLANG_ANALYZER_NONNULL = YES;
				CLANG_ANALYZER_NUMBER_OBJECT_CONVERSION = YES_AGGRESSIVE;
				CLANG_CXX_LANGUAGE_STANDARD = "gnu++14";
				CLANG_CXX_LIBRARY = "libc++";
				CLANG_ENABLE_MODULES = YES;
				CLANG_ENABLE_OBJC_ARC = YES;
				CLANG_WARN_BLOCK_CAPTURE_AUTORELEASING = YES;
				CLANG_WARN_BOOL_CONVERSION = YES;
				CLANG_WARN_COMMA = YES;
				CLANG_WARN_CONSTANT_CONVERSION = YES;
				CLANG_WARN_DIRECT_OBJC_ISA_USAGE = YES_ERROR;
				CLANG_WARN_DOCUMENTATION_COMMENTS = YES;
				CLANG_WARN_EMPTY_BODY = YES;
				CLANG_WARN_ENUM_CONVERSION = YES;
				CLANG_WARN_INFINITE_RECURSION = YES;
				CLANG_WARN_INT_CONVERSION = YES;
				CLANG_WARN_NON_LITERAL_NULL_CONVERSION = YES;
				CLANG_WARN_OBJC_LITERAL_CONVERSION = YES;
				CLANG_WARN_OBJC_ROOT_CLASS = YES_ERROR;
				CLANG_WARN_RANGE_LOOP_ANALYSIS = YES;
				CLANG_WARN_STRICT_PROTOTYPES = YES;
				CLANG_WARN_SUSPICIOUS_MOVE = YES;
				CLANG_WARN_UNGUARDED_AVAILABILITY = YES_AGGRESSIVE;
				CLANG_WARN_UNREACHABLE_CODE = YES;
				CLANG_WARN__DUPLICATE_METHOD_MATCH = YES;
				CODE_SIGN_IDENTITY = "iPhone Developer";
				COPY_PHASE_STRIP = NO;
				DEBUG_INFORMATION_FORMAT = "dwarf-with-dsym";
				ENABLE_NS_ASSERTIONS = NO;
				ENABLE_STRICT_OBJC_MSGSEND = YES;
				GCC_C_LANGUAGE_STANDARD = gnu11;
				GCC_NO_COMMON_BLOCKS = YES;
				GCC_WARN_64_TO_32_BIT_CONVERSION = YES;
				GCC_WARN_ABOUT_RETURN_TYPE = YES_ERROR;
				GCC_WARN_UNDECLARED_SELECTOR = YES;
				GCC_WARN_UNINITIALIZED_AUTOS = YES_AGGRESSIVE;
				GCC_WARN_UNUSED_FUNCTION = YES;
				GCC_WARN_UNUSED_VARIABLE = YES;
				IPHONEOS_DEPLOYMENT_TARGET = 11.2;
				MTL_ENABLE_DEBUG_INFO = NO;
				SDKROOT = iphoneos;
				SWIFT_OPTIMIZATION_LEVEL = "-Owholemodule";
				VALIDATE_PRODUCT = YES;
			};
			name = Release;
		};
		9ABA9B042063DB4500ADA34E /* Debug */ = {
			isa = XCBuildConfiguration;
			baseConfigurationReference = 353AAFB1B83E3A0724330F15 /* Pods-iWallet.debug.xcconfig */;
			buildSettings = {
				ASSETCATALOG_COMPILER_APPICON_NAME = AppIcon;
				CLANG_ENABLE_MODULES = YES;
				CODE_SIGN_STYLE = Automatic;
				DEVELOPMENT_TEAM = 5AW3RZJ6LJ;
				INFOPLIST_FILE = iWallet/Info.plist;
				LD_RUNPATH_SEARCH_PATHS = "$(inherited) @executable_path/Frameworks";
				PRODUCT_BUNDLE_IDENTIFIER = ua.org.sguznin.iWallet;
				PRODUCT_NAME = "$(TARGET_NAME)";
				SWIFT_OBJC_BRIDGING_HEADER = "iWallet/Supporting Files/iWallet-Bridging-Header.h";
				SWIFT_OPTIMIZATION_LEVEL = "-Onone";
				SWIFT_VERSION = 4.0;
				TARGETED_DEVICE_FAMILY = "1,2";
			};
			name = Debug;
		};
		9ABA9B052063DB4500ADA34E /* Release */ = {
			isa = XCBuildConfiguration;
			baseConfigurationReference = 1F0844252092F4D146C20B7B /* Pods-iWallet.release.xcconfig */;
			buildSettings = {
				ASSETCATALOG_COMPILER_APPICON_NAME = AppIcon;
				CLANG_ENABLE_MODULES = YES;
				CODE_SIGN_STYLE = Automatic;
				DEVELOPMENT_TEAM = 5AW3RZJ6LJ;
				INFOPLIST_FILE = iWallet/Info.plist;
				LD_RUNPATH_SEARCH_PATHS = "$(inherited) @executable_path/Frameworks";
				PRODUCT_BUNDLE_IDENTIFIER = ua.org.sguznin.iWallet;
				PRODUCT_NAME = "$(TARGET_NAME)";
				SWIFT_OBJC_BRIDGING_HEADER = "iWallet/Supporting Files/iWallet-Bridging-Header.h";
				SWIFT_VERSION = 4.0;
				TARGETED_DEVICE_FAMILY = "1,2";
			};
			name = Release;
		};
/* End XCBuildConfiguration section */

/* Begin XCConfigurationList section */
		9ABA9AE92063DB4500ADA34E /* Build configuration list for PBXProject "iWallet" */ = {
			isa = XCConfigurationList;
			buildConfigurations = (
				9ABA9B012063DB4500ADA34E /* Debug */,
				9ABA9B022063DB4500ADA34E /* Release */,
			);
			defaultConfigurationIsVisible = 0;
			defaultConfigurationName = Release;
		};
		9ABA9B032063DB4500ADA34E /* Build configuration list for PBXNativeTarget "iWallet" */ = {
			isa = XCConfigurationList;
			buildConfigurations = (
				9ABA9B042063DB4500ADA34E /* Debug */,
				9ABA9B052063DB4500ADA34E /* Release */,
			);
			defaultConfigurationIsVisible = 0;
			defaultConfigurationName = Release;
		};
/* End XCConfigurationList section */

/* Begin XCVersionGroup section */
		9ABA9AF82063DB4500ADA34E /* iWallet.xcdatamodeld */ = {
			isa = XCVersionGroup;
			children = (
				9ABA9AF92063DB4500ADA34E /* iWallet.xcdatamodel */,
			);
			currentVersion = 9ABA9AF92063DB4500ADA34E /* iWallet.xcdatamodel */;
			path = iWallet.xcdatamodeld;
			sourceTree = "<group>";
			versionGroupType = wrapper.xcdatamodel;
		};
/* End XCVersionGroup section */
	};
	rootObject = 9ABA9AE62063DB4500ADA34E /* Project object */;
}
